// !$*UTF8*$!
{
	archiveVersion = 1;
	classes = {
	};
	objectVersion = 54;
	objects = {

/* Begin PBXBuildFile section */
		04FB0B242F178D49000E2E70 /* StoreKit.framework in Frameworks */ = {isa = PBXBuildFile; fileRef = 04FB0B232F178D49000E2E70 /* StoreKit.framework */; };
		09D9D90223E14AD6B2AB823C /* Inter-BlackItalic.otf in Resources */ = {isa = PBXBuildFile; fileRef = 7CACE53406F0433AB5889B46 /* Inter-BlackItalic.otf */; };
		12E5A9F637F14FFCB75CE79F /* MainInterface.storyboard in Resources */ = {isa = PBXBuildFile; fileRef = 48863D9AEB274B4393F5AFE4 /* MainInterface.storyboard */; };
		13B07FBF1A68108700A75B9A /* Images.xcassets in Resources */ = {isa = PBXBuildFile; fileRef = 13B07FB51A68108700A75B9A /* Images.xcassets */; };
		15C4BE8AD0F2DE0DDB39E1BB /* libPods-Brace.a in Frameworks */ = {isa = PBXBuildFile; fileRef = 43025A1159FF9A4F0909252B /* libPods-Brace.a */; };
		1A81AE7EDE864A76A45BB8BF /* Inter-Light.otf in Resources */ = {isa = PBXBuildFile; fileRef = BBCFB73B712E494E934CDA53 /* Inter-Light.otf */; };
		27583CF40A8B49CCAA7D460C /* Inter-MediumItalic.otf in Resources */ = {isa = PBXBuildFile; fileRef = 0303735AD27E453799D9560F /* Inter-MediumItalic.otf */; };
		29032D9E714540E8A189A7C8 /* Inter-Regular.otf in Resources */ = {isa = PBXBuildFile; fileRef = 517984B085284F4EA2FB0558 /* Inter-Regular.otf */; };
		3E461D99554A48A4959DE609 /* SplashScreen.storyboard in Resources */ = {isa = PBXBuildFile; fileRef = AA286B85B6C04FC6940260E9 /* SplashScreen.storyboard */; };
		3F5E1E8E39BA4F9294D2BAF2 /* Inter-Thin.otf in Resources */ = {isa = PBXBuildFile; fileRef = D76B6C61B92C4CCCBFC7A67B /* Inter-Thin.otf */; };
		406F8150DF0D42D38DA4B185 /* PrivacyInfo.xcprivacy in Resources */ = {isa = PBXBuildFile; fileRef = 9E0542D5A15A4E05A64ACC69 /* PrivacyInfo.xcprivacy */; };
		4F6C8D252AD04420A80623B2 /* Inter-ExtraLightItalic.otf in Resources */ = {isa = PBXBuildFile; fileRef = 33805416AF554D939F787725 /* Inter-ExtraLightItalic.otf */; };
		5EEE1A36E3B9460FBA4535F6 /* Inter-LightItalic.otf in Resources */ = {isa = PBXBuildFile; fileRef = F77FA1E2EA9D427E9BF22B2F /* Inter-LightItalic.otf */; };
		6E2EFF5A53604C10BF65B195 /* Inter-ThinItalic.otf in Resources */ = {isa = PBXBuildFile; fileRef = 5CF40573567B400CB3C2C077 /* Inter-ThinItalic.otf */; };
		6FA72329DC4AF961F81194F1 /* ExpoModulesProvider.swift in Sources */ = {isa = PBXBuildFile; fileRef = A2C8077F3532832A367B03BA /* ExpoModulesProvider.swift */; };
		7BC4DEAF384342C495EBFFD4 /* Inter-ExtraBold.otf in Resources */ = {isa = PBXBuildFile; fileRef = 28AB1DD2819249828821C4F3 /* Inter-ExtraBold.otf */; };
		7CB46205ADC44122B43094FE /* Inter-SemiBoldItalic.otf in Resources */ = {isa = PBXBuildFile; fileRef = 64FC5EB8EBF247E989BF6CDC /* Inter-SemiBoldItalic.otf */; };
		81527418C1594BD6B076AB00 /* Inter-SemiBold.otf in Resources */ = {isa = PBXBuildFile; fileRef = 5D34AAB042E5436ABEB09177 /* Inter-SemiBold.otf */; };
		8546ED4FC7934C60AB5B1DA0 /* SavetoBrace.appex in Copy Files */ = {isa = PBXBuildFile; fileRef = 7DFA0CF5BE464CDE8DD4EFE4 /* SavetoBrace.appex */; };
		8A52BFFCFA5A4E97836F0D09 /* Inter-Medium.otf in Resources */ = {isa = PBXBuildFile; fileRef = B7E3F0695C1142688D5F963D /* Inter-Medium.otf */; };
		8B478D40533648DFAF9F0EFE /* ShareExtensionPreprocessor.js in Resources */ = {isa = PBXBuildFile; fileRef = E414F5FF41AB42139419ADFB /* ShareExtensionPreprocessor.js */; };
		8EAB6E6A98B04CA79FD960F1 /* ShareViewController.swift in Sources */ = {isa = PBXBuildFile; fileRef = 9B1848C005624E889344ED4B /* ShareViewController.swift */; };
		9CC0544B92F5455AA58F579B /* Inter-Black.otf in Resources */ = {isa = PBXBuildFile; fileRef = 16F9EF845DC64417816E3F1F /* Inter-Black.otf */; };
		BB2F792D24A3F905000567C9 /* Expo.plist in Resources */ = {isa = PBXBuildFile; fileRef = BB2F792C24A3F905000567C9 /* Expo.plist */; };
		C0E3B262608E45708638CE92 /* Inter-BoldItalic.otf in Resources */ = {isa = PBXBuildFile; fileRef = A52330CADBB142F89017C848 /* Inter-BoldItalic.otf */; };
		C544D88C509545B9B308088B /* Inter-ExtraLight.otf in Resources */ = {isa = PBXBuildFile; fileRef = DF6EBB8FB0B84CDA9641EDD9 /* Inter-ExtraLight.otf */; };
		C8B7E13ECC3F4D7CAC3CE8B1 /* Inter-Bold.otf in Resources */ = {isa = PBXBuildFile; fileRef = C41B19F873644168B1E6C941 /* Inter-Bold.otf */; };
		E3C45293C3DE40C6B4EFA89F /* Inter-ExtraBoldItalic.otf in Resources */ = {isa = PBXBuildFile; fileRef = 5DBFCE6CF1A94030AF71C799 /* Inter-ExtraBoldItalic.otf */; };
		EA444CF75B51483AA1D8C116 /* Inter-Italic.otf in Resources */ = {isa = PBXBuildFile; fileRef = 52AD379A1FE543B8AB23E682 /* Inter-Italic.otf */; };
		F11748422D0307B40044C1D9 /* AppDelegate.swift in Sources */ = {isa = PBXBuildFile; fileRef = F11748412D0307B40044C1D9 /* AppDelegate.swift */; };
		FA3B83A4421541ABB1B9F1C6 /* PrivacyInfo.xcprivacy in Resources */ = {isa = PBXBuildFile; fileRef = 8C1A1AFD1D8E451288E80D2B /* PrivacyInfo.xcprivacy */; };
/* End PBXBuildFile section */

/* Begin PBXContainerItemProxy section */
		0F30C8FF49E14F5EA7509074 /* PBXContainerItemProxy */ = {
			isa = PBXContainerItemProxy;
			containerPortal = 83CBB9F71A601CBA00E9B192 /* Project object */;
			proxyType = 1;
			remoteGlobalIDString = 57AC8DE18AAC47CB8B74EA78;
			remoteInfo = SavetoBrace;
		};
/* End PBXContainerItemProxy section */

/* Begin PBXCopyFilesBuildPhase section */
		D35D40C404244AB3B554EDC2 /* Copy Files */ = {
			isa = PBXCopyFilesBuildPhase;
			buildActionMask = 2147483647;
			dstPath = "";
			dstSubfolderSpec = 13;
			files = (
				8546ED4FC7934C60AB5B1DA0 /* SavetoBrace.appex in Copy Files */,
			);
			name = "Copy Files";
			runOnlyForDeploymentPostprocessing = 0;
		};
/* End PBXCopyFilesBuildPhase section */

/* Begin PBXFileReference section */
		0303735AD27E453799D9560F /* Inter-MediumItalic.otf */ = {isa = PBXFileReference; explicitFileType = undefined; fileEncoding = 9; includeInIndex = 0; lastKnownFileType = unknown; name = "Inter-MediumItalic.otf"; path = "../src/fonts/Inter/Inter-MediumItalic.otf"; sourceTree = "<group>"; };
		04FB0B232F178D49000E2E70 /* StoreKit.framework */ = {isa = PBXFileReference; lastKnownFileType = wrapper.framework; name = StoreKit.framework; path = System/Library/Frameworks/StoreKit.framework; sourceTree = SDKROOT; };
		13B07F961A680F5B00A75B9A /* Brace.app */ = {isa = PBXFileReference; explicitFileType = wrapper.application; includeInIndex = 0; path = Brace.app; sourceTree = BUILT_PRODUCTS_DIR; };
		13B07FB51A68108700A75B9A /* Images.xcassets */ = {isa = PBXFileReference; lastKnownFileType = folder.assetcatalog; name = Images.xcassets; path = Brace/Images.xcassets; sourceTree = "<group>"; };
		13B07FB61A68108700A75B9A /* Info.plist */ = {isa = PBXFileReference; fileEncoding = 4; lastKnownFileType = text.plist.xml; name = Info.plist; path = Brace/Info.plist; sourceTree = "<group>"; };
		16F9EF845DC64417816E3F1F /* Inter-Black.otf */ = {isa = PBXFileReference; explicitFileType = undefined; fileEncoding = 9; includeInIndex = 0; lastKnownFileType = unknown; name = "Inter-Black.otf"; path = "../src/fonts/Inter/Inter-Black.otf"; sourceTree = "<group>"; };
		276D81DE88CC65C9E63D6F8A /* Pods-Brace.release.xcconfig */ = {isa = PBXFileReference; includeInIndex = 1; lastKnownFileType = text.xcconfig; name = "Pods-Brace.release.xcconfig"; path = "Target Support Files/Pods-Brace/Pods-Brace.release.xcconfig"; sourceTree = "<group>"; };
		28AB1DD2819249828821C4F3 /* Inter-ExtraBold.otf */ = {isa = PBXFileReference; explicitFileType = undefined; fileEncoding = 9; includeInIndex = 0; lastKnownFileType = unknown; name = "Inter-ExtraBold.otf"; path = "../src/fonts/Inter/Inter-ExtraBold.otf"; sourceTree = "<group>"; };
		33805416AF554D939F787725 /* Inter-ExtraLightItalic.otf */ = {isa = PBXFileReference; explicitFileType = undefined; fileEncoding = 9; includeInIndex = 0; lastKnownFileType = unknown; name = "Inter-ExtraLightItalic.otf"; path = "../src/fonts/Inter/Inter-ExtraLightItalic.otf"; sourceTree = "<group>"; };
		39A355E821BA3479B8047E21 /* Pods-Brace.debug.xcconfig */ = {isa = PBXFileReference; includeInIndex = 1; lastKnownFileType = text.xcconfig; name = "Pods-Brace.debug.xcconfig"; path = "Target Support Files/Pods-Brace/Pods-Brace.debug.xcconfig"; sourceTree = "<group>"; };
		43025A1159FF9A4F0909252B /* libPods-Brace.a */ = {isa = PBXFileReference; explicitFileType = archive.ar; includeInIndex = 0; path = "libPods-Brace.a"; sourceTree = BUILT_PRODUCTS_DIR; };
		48863D9AEB274B4393F5AFE4 /* MainInterface.storyboard */ = {isa = PBXFileReference; explicitFileType = undefined; fileEncoding = 9; includeInIndex = 0; lastKnownFileType = unknown; path = MainInterface.storyboard; sourceTree = "<group>"; };
		517984B085284F4EA2FB0558 /* Inter-Regular.otf */ = {isa = PBXFileReference; explicitFileType = undefined; fileEncoding = 9; includeInIndex = 0; lastKnownFileType = unknown; name = "Inter-Regular.otf"; path = "../src/fonts/Inter/Inter-Regular.otf"; sourceTree = "<group>"; };
		52AD379A1FE543B8AB23E682 /* Inter-Italic.otf */ = {isa = PBXFileReference; explicitFileType = undefined; fileEncoding = 9; includeInIndex = 0; lastKnownFileType = unknown; name = "Inter-Italic.otf"; path = "../src/fonts/Inter/Inter-Italic.otf"; sourceTree = "<group>"; };
		5CF40573567B400CB3C2C077 /* Inter-ThinItalic.otf */ = {isa = PBXFileReference; explicitFileType = undefined; fileEncoding = 9; includeInIndex = 0; lastKnownFileType = unknown; name = "Inter-ThinItalic.otf"; path = "../src/fonts/Inter/Inter-ThinItalic.otf"; sourceTree = "<group>"; };
		5D34AAB042E5436ABEB09177 /* Inter-SemiBold.otf */ = {isa = PBXFileReference; explicitFileType = undefined; fileEncoding = 9; includeInIndex = 0; lastKnownFileType = unknown; name = "Inter-SemiBold.otf"; path = "../src/fonts/Inter/Inter-SemiBold.otf"; sourceTree = "<group>"; };
		5DBFCE6CF1A94030AF71C799 /* Inter-ExtraBoldItalic.otf */ = {isa = PBXFileReference; explicitFileType = undefined; fileEncoding = 9; includeInIndex = 0; lastKnownFileType = unknown; name = "Inter-ExtraBoldItalic.otf"; path = "../src/fonts/Inter/Inter-ExtraBoldItalic.otf"; sourceTree = "<group>"; };
		5F618BBA0B624B0A8AC019A3 /* ShareExtension-Info.plist */ = {isa = PBXFileReference; explicitFileType = undefined; fileEncoding = 4; includeInIndex = 0; lastKnownFileType = text.plist.xml; path = "ShareExtension-Info.plist"; sourceTree = "<group>"; };
		64FC5EB8EBF247E989BF6CDC /* Inter-SemiBoldItalic.otf */ = {isa = PBXFileReference; explicitFileType = undefined; fileEncoding = 9; includeInIndex = 0; lastKnownFileType = unknown; name = "Inter-SemiBoldItalic.otf"; path = "../src/fonts/Inter/Inter-SemiBoldItalic.otf"; sourceTree = "<group>"; };
		7CACE53406F0433AB5889B46 /* Inter-BlackItalic.otf */ = {isa = PBXFileReference; explicitFileType = undefined; fileEncoding = 9; includeInIndex = 0; lastKnownFileType = unknown; name = "Inter-BlackItalic.otf"; path = "../src/fonts/Inter/Inter-BlackItalic.otf"; sourceTree = "<group>"; };
		7DFA0CF5BE464CDE8DD4EFE4 /* SavetoBrace.appex */ = {isa = PBXFileReference; explicitFileType = "wrapper.app-extension"; fileEncoding = 9; includeInIndex = 0; path = SavetoBrace.appex; sourceTree = BUILT_PRODUCTS_DIR; };
		8C1A1AFD1D8E451288E80D2B /* PrivacyInfo.xcprivacy */ = {isa = PBXFileReference; explicitFileType = undefined; fileEncoding = 9; includeInIndex = 0; lastKnownFileType = unknown; path = PrivacyInfo.xcprivacy; sourceTree = "<group>"; };
		9B1848C005624E889344ED4B /* ShareViewController.swift */ = {isa = PBXFileReference; explicitFileType = undefined; fileEncoding = 4; includeInIndex = 0; lastKnownFileType = sourcecode.swift; path = ShareViewController.swift; sourceTree = "<group>"; };
		9E0542D5A15A4E05A64ACC69 /* PrivacyInfo.xcprivacy */ = {isa = PBXFileReference; explicitFileType = undefined; fileEncoding = 9; includeInIndex = 0; lastKnownFileType = unknown; name = PrivacyInfo.xcprivacy; path = Brace/PrivacyInfo.xcprivacy; sourceTree = "<group>"; };
		A2C8077F3532832A367B03BA /* ExpoModulesProvider.swift */ = {isa = PBXFileReference; includeInIndex = 1; lastKnownFileType = sourcecode.swift; name = ExpoModulesProvider.swift; path = "Pods/Target Support Files/Pods-Brace/ExpoModulesProvider.swift"; sourceTree = "<group>"; };
		A52330CADBB142F89017C848 /* Inter-BoldItalic.otf */ = {isa = PBXFileReference; explicitFileType = undefined; fileEncoding = 9; includeInIndex = 0; lastKnownFileType = unknown; name = "Inter-BoldItalic.otf"; path = "../src/fonts/Inter/Inter-BoldItalic.otf"; sourceTree = "<group>"; };
		AA286B85B6C04FC6940260E9 /* SplashScreen.storyboard */ = {isa = PBXFileReference; fileEncoding = 4; lastKnownFileType = file.storyboard; name = SplashScreen.storyboard; path = Brace/SplashScreen.storyboard; sourceTree = "<group>"; };
		B7E3F0695C1142688D5F963D /* Inter-Medium.otf */ = {isa = PBXFileReference; explicitFileType = undefined; fileEncoding = 9; includeInIndex = 0; lastKnownFileType = unknown; name = "Inter-Medium.otf"; path = "../src/fonts/Inter/Inter-Medium.otf"; sourceTree = "<group>"; };
		BB2F792C24A3F905000567C9 /* Expo.plist */ = {isa = PBXFileReference; fileEncoding = 4; lastKnownFileType = text.plist.xml; path = Expo.plist; sourceTree = "<group>"; };
		BBCFB73B712E494E934CDA53 /* Inter-Light.otf */ = {isa = PBXFileReference; explicitFileType = undefined; fileEncoding = 9; includeInIndex = 0; lastKnownFileType = unknown; name = "Inter-Light.otf"; path = "../src/fonts/Inter/Inter-Light.otf"; sourceTree = "<group>"; };
		C41B19F873644168B1E6C941 /* Inter-Bold.otf */ = {isa = PBXFileReference; explicitFileType = undefined; fileEncoding = 9; includeInIndex = 0; lastKnownFileType = unknown; name = "Inter-Bold.otf"; path = "../src/fonts/Inter/Inter-Bold.otf"; sourceTree = "<group>"; };
		D76B6C61B92C4CCCBFC7A67B /* Inter-Thin.otf */ = {isa = PBXFileReference; explicitFileType = undefined; fileEncoding = 9; includeInIndex = 0; lastKnownFileType = unknown; name = "Inter-Thin.otf"; path = "../src/fonts/Inter/Inter-Thin.otf"; sourceTree = "<group>"; };
		DF6EBB8FB0B84CDA9641EDD9 /* Inter-ExtraLight.otf */ = {isa = PBXFileReference; explicitFileType = undefined; fileEncoding = 9; includeInIndex = 0; lastKnownFileType = unknown; name = "Inter-ExtraLight.otf"; path = "../src/fonts/Inter/Inter-ExtraLight.otf"; sourceTree = "<group>"; };
		E414F5FF41AB42139419ADFB /* ShareExtensionPreprocessor.js */ = {isa = PBXFileReference; explicitFileType = undefined; fileEncoding = 9; includeInIndex = 0; lastKnownFileType = unknown; path = ShareExtensionPreprocessor.js; sourceTree = "<group>"; };
		E46A5348447343CCBCBD6E20 /* ShareExtension.entitlements */ = {isa = PBXFileReference; explicitFileType = undefined; fileEncoding = 9; includeInIndex = 0; lastKnownFileType = unknown; path = ShareExtension.entitlements; sourceTree = "<group>"; };
		ED297162215061F000B7C4FE /* JavaScriptCore.framework */ = {isa = PBXFileReference; lastKnownFileType = wrapper.framework; name = JavaScriptCore.framework; path = System/Library/Frameworks/JavaScriptCore.framework; sourceTree = SDKROOT; };
		F11748412D0307B40044C1D9 /* AppDelegate.swift */ = {isa = PBXFileReference; lastKnownFileType = sourcecode.swift; name = AppDelegate.swift; path = Brace/AppDelegate.swift; sourceTree = "<group>"; };
		F11748442D0722820044C1D9 /* Brace-Bridging-Header.h */ = {isa = PBXFileReference; lastKnownFileType = sourcecode.c.h; name = "Brace-Bridging-Header.h"; path = "Brace/Brace-Bridging-Header.h"; sourceTree = "<group>"; };
		F77FA1E2EA9D427E9BF22B2F /* Inter-LightItalic.otf */ = {isa = PBXFileReference; explicitFileType = undefined; fileEncoding = 9; includeInIndex = 0; lastKnownFileType = unknown; name = "Inter-LightItalic.otf"; path = "../src/fonts/Inter/Inter-LightItalic.otf"; sourceTree = "<group>"; };
/* End PBXFileReference section */

/* Begin PBXFrameworksBuildPhase section */
		13B07F8C1A680F5B00A75B9A /* Frameworks */ = {
			isa = PBXFrameworksBuildPhase;
			buildActionMask = 2147483647;
			files = (
				15C4BE8AD0F2DE0DDB39E1BB /* libPods-Brace.a in Frameworks */,
				04FB0B242F178D49000E2E70 /* StoreKit.framework in Frameworks */,
			);
			runOnlyForDeploymentPostprocessing = 0;
		};
		BCEFED3D5C4A4BD2B99A7172 /* Frameworks */ = {
			isa = PBXFrameworksBuildPhase;
			buildActionMask = 2147483647;
			files = (
			);
			runOnlyForDeploymentPostprocessing = 0;
		};
/* End PBXFrameworksBuildPhase section */

/* Begin PBXGroup section */
		13B07FAE1A68108700A75B9A /* Brace */ = {
			isa = PBXGroup;
			children = (
				F11748412D0307B40044C1D9 /* AppDelegate.swift */,
				F11748442D0722820044C1D9 /* Brace-Bridging-Header.h */,
				BB2F792B24A3F905000567C9 /* Supporting */,
				13B07FB51A68108700A75B9A /* Images.xcassets */,
				13B07FB61A68108700A75B9A /* Info.plist */,
				AA286B85B6C04FC6940260E9 /* SplashScreen.storyboard */,
				9E0542D5A15A4E05A64ACC69 /* PrivacyInfo.xcprivacy */,
			);
			name = Brace;
			sourceTree = "<group>";
		};
		2D16E6871FA4F8E400B85C8A /* Frameworks */ = {
			isa = PBXGroup;
			children = (
				04FB0B232F178D49000E2E70 /* StoreKit.framework */,
				ED297162215061F000B7C4FE /* JavaScriptCore.framework */,
				43025A1159FF9A4F0909252B /* libPods-Brace.a */,
			);
			name = Frameworks;
			sourceTree = "<group>";
		};
		57662ACE9897E8671BD74BDD /* Brace */ = {
			isa = PBXGroup;
			children = (
				A2C8077F3532832A367B03BA /* ExpoModulesProvider.swift */,
			);
			name = Brace;
			sourceTree = "<group>";
		};
		7B1F86D79A2A46319B80CBE3 /* SavetoBrace */ = {
			isa = PBXGroup;
			children = (
				9B1848C005624E889344ED4B /* ShareViewController.swift */,
				48863D9AEB274B4393F5AFE4 /* MainInterface.storyboard */,
				E414F5FF41AB42139419ADFB /* ShareExtensionPreprocessor.js */,
				8C1A1AFD1D8E451288E80D2B /* PrivacyInfo.xcprivacy */,
				5F618BBA0B624B0A8AC019A3 /* ShareExtension-Info.plist */,
				E46A5348447343CCBCBD6E20 /* ShareExtension.entitlements */,
			);
			path = SavetoBrace;
			sourceTree = "<group>";
		};
		832341AE1AAA6A7D00B99B32 /* Libraries */ = {
			isa = PBXGroup;
			children = (
			);
			name = Libraries;
			sourceTree = "<group>";
		};
		83CBB9F61A601CBA00E9B192 = {
			isa = PBXGroup;
			children = (
				13B07FAE1A68108700A75B9A /* Brace */,
				832341AE1AAA6A7D00B99B32 /* Libraries */,
				83CBBA001A601CBA00E9B192 /* Products */,
				2D16E6871FA4F8E400B85C8A /* Frameworks */,
				7B1F86D79A2A46319B80CBE3 /* SavetoBrace */,
				DEACE7DB71604DECA9AFBD9F /* Resources */,
				B67188088830E014CD4DAE54 /* Pods */,
				B4A844AEDCC02380F3B15BE4 /* ExpoModulesProviders */,
			);
			indentWidth = 2;
			sourceTree = "<group>";
			tabWidth = 2;
			usesTabs = 0;
		};
		83CBBA001A601CBA00E9B192 /* Products */ = {
			isa = PBXGroup;
			children = (
				13B07F961A680F5B00A75B9A /* Brace.app */,
				7DFA0CF5BE464CDE8DD4EFE4 /* SavetoBrace.appex */,
			);
			name = Products;
			sourceTree = "<group>";
		};
		B4A844AEDCC02380F3B15BE4 /* ExpoModulesProviders */ = {
			isa = PBXGroup;
			children = (
				57662ACE9897E8671BD74BDD /* Brace */,
			);
			name = ExpoModulesProviders;
			sourceTree = "<group>";
		};
		B67188088830E014CD4DAE54 /* Pods */ = {
			isa = PBXGroup;
			children = (
				39A355E821BA3479B8047E21 /* Pods-Brace.debug.xcconfig */,
				276D81DE88CC65C9E63D6F8A /* Pods-Brace.release.xcconfig */,
			);
			path = Pods;
			sourceTree = "<group>";
		};
		BB2F792B24A3F905000567C9 /* Supporting */ = {
			isa = PBXGroup;
			children = (
				BB2F792C24A3F905000567C9 /* Expo.plist */,
			);
			name = Supporting;
			path = Brace/Supporting;
			sourceTree = "<group>";
		};
		DEACE7DB71604DECA9AFBD9F /* Resources */ = {
			isa = PBXGroup;
			children = (
				7CACE53406F0433AB5889B46 /* Inter-BlackItalic.otf */,
				16F9EF845DC64417816E3F1F /* Inter-Black.otf */,
				A52330CADBB142F89017C848 /* Inter-BoldItalic.otf */,
				C41B19F873644168B1E6C941 /* Inter-Bold.otf */,
				5DBFCE6CF1A94030AF71C799 /* Inter-ExtraBoldItalic.otf */,
				28AB1DD2819249828821C4F3 /* Inter-ExtraBold.otf */,
				33805416AF554D939F787725 /* Inter-ExtraLightItalic.otf */,
				DF6EBB8FB0B84CDA9641EDD9 /* Inter-ExtraLight.otf */,
				52AD379A1FE543B8AB23E682 /* Inter-Italic.otf */,
				F77FA1E2EA9D427E9BF22B2F /* Inter-LightItalic.otf */,
				BBCFB73B712E494E934CDA53 /* Inter-Light.otf */,
				0303735AD27E453799D9560F /* Inter-MediumItalic.otf */,
				B7E3F0695C1142688D5F963D /* Inter-Medium.otf */,
				517984B085284F4EA2FB0558 /* Inter-Regular.otf */,
				64FC5EB8EBF247E989BF6CDC /* Inter-SemiBoldItalic.otf */,
				5D34AAB042E5436ABEB09177 /* Inter-SemiBold.otf */,
				5CF40573567B400CB3C2C077 /* Inter-ThinItalic.otf */,
				D76B6C61B92C4CCCBFC7A67B /* Inter-Thin.otf */,
			);
			name = Resources;
			sourceTree = "<group>";
		};
/* End PBXGroup section */

/* Begin PBXNativeTarget section */
		13B07F861A680F5B00A75B9A /* Brace */ = {
			isa = PBXNativeTarget;
			buildConfigurationList = 13B07F931A680F5B00A75B9A /* Build configuration list for PBXNativeTarget "Brace" */;
			buildPhases = (
				08A4A3CD28434E44B6B9DE2E /* [CP] Check Pods Manifest.lock */,
				AB4536C337FA2B13EBCD94AD /* [Expo] Configure project */,
				13B07F871A680F5B00A75B9A /* Sources */,
				13B07F8C1A680F5B00A75B9A /* Frameworks */,
				13B07F8E1A680F5B00A75B9A /* Resources */,
				00DD1BFF1BD5951E006B06BC /* Bundle React Native code and images */,
				800E24972A6A228C8D4807E9 /* [CP] Copy Pods Resources */,
				D35D40C404244AB3B554EDC2 /* Copy Files */,
				D6686B8286F6F34B6189725D /* [CP] Embed Pods Frameworks */,
			);
			buildRules = (
			);
			dependencies = (
				8B6F8D3607FB41B39127FEA5 /* PBXTargetDependency */,
			);
			name = Brace;
			productName = Brace;
			productReference = 13B07F961A680F5B00A75B9A /* Brace.app */;
			productType = "com.apple.product-type.application";
		};
		57AC8DE18AAC47CB8B74EA78 /* SavetoBrace */ = {
			isa = PBXNativeTarget;
			buildConfigurationList = 0A741883CA03487F9ED125BF /* Build configuration list for PBXNativeTarget "SavetoBrace" */;
			buildPhases = (
				921EC8689BA74D9A8716C729 /* Sources */,
				D9B5509E359F4F29A36E7EBE /* Resources */,
				BCEFED3D5C4A4BD2B99A7172 /* Frameworks */,
			);
			buildRules = (
			);
			dependencies = (
			);
			name = SavetoBrace;
			productName = SavetoBrace;
			productReference = 7DFA0CF5BE464CDE8DD4EFE4 /* SavetoBrace.appex */;
			productType = "com.apple.product-type.app-extension";
		};
/* End PBXNativeTarget section */

/* Begin PBXProject section */
		83CBB9F71A601CBA00E9B192 /* Project object */ = {
			isa = PBXProject;
			attributes = {
				LastUpgradeCheck = 1130;
				TargetAttributes = {
					13B07F861A680F5B00A75B9A = {
						DevelopmentTeam = DZ8XN7425J;
						LastSwiftMigration = 1250;
					};
				};
			};
			buildConfigurationList = 83CBB9FA1A601CBA00E9B192 /* Build configuration list for PBXProject "Brace" */;
			compatibilityVersion = "Xcode 3.2";
			developmentRegion = en;
			hasScannedForEncodings = 0;
			knownRegions = (
				en,
				Base,
			);
			mainGroup = 83CBB9F61A601CBA00E9B192;
			productRefGroup = 83CBBA001A601CBA00E9B192 /* Products */;
			projectDirPath = "";
			projectRoot = "";
			targets = (
				13B07F861A680F5B00A75B9A /* Brace */,
				57AC8DE18AAC47CB8B74EA78 /* SavetoBrace */,
			);
		};
/* End PBXProject section */

/* Begin PBXResourcesBuildPhase section */
		13B07F8E1A680F5B00A75B9A /* Resources */ = {
			isa = PBXResourcesBuildPhase;
			buildActionMask = 2147483647;
			files = (
				BB2F792D24A3F905000567C9 /* Expo.plist in Resources */,
				13B07FBF1A68108700A75B9A /* Images.xcassets in Resources */,
				3E461D99554A48A4959DE609 /* SplashScreen.storyboard in Resources */,
				406F8150DF0D42D38DA4B185 /* PrivacyInfo.xcprivacy in Resources */,
				09D9D90223E14AD6B2AB823C /* Inter-BlackItalic.otf in Resources */,
				9CC0544B92F5455AA58F579B /* Inter-Black.otf in Resources */,
				C0E3B262608E45708638CE92 /* Inter-BoldItalic.otf in Resources */,
				C8B7E13ECC3F4D7CAC3CE8B1 /* Inter-Bold.otf in Resources */,
				E3C45293C3DE40C6B4EFA89F /* Inter-ExtraBoldItalic.otf in Resources */,
				7BC4DEAF384342C495EBFFD4 /* Inter-ExtraBold.otf in Resources */,
				4F6C8D252AD04420A80623B2 /* Inter-ExtraLightItalic.otf in Resources */,
				C544D88C509545B9B308088B /* Inter-ExtraLight.otf in Resources */,
				EA444CF75B51483AA1D8C116 /* Inter-Italic.otf in Resources */,
				5EEE1A36E3B9460FBA4535F6 /* Inter-LightItalic.otf in Resources */,
				1A81AE7EDE864A76A45BB8BF /* Inter-Light.otf in Resources */,
				27583CF40A8B49CCAA7D460C /* Inter-MediumItalic.otf in Resources */,
				8A52BFFCFA5A4E97836F0D09 /* Inter-Medium.otf in Resources */,
				29032D9E714540E8A189A7C8 /* Inter-Regular.otf in Resources */,
				7CB46205ADC44122B43094FE /* Inter-SemiBoldItalic.otf in Resources */,
				81527418C1594BD6B076AB00 /* Inter-SemiBold.otf in Resources */,
				6E2EFF5A53604C10BF65B195 /* Inter-ThinItalic.otf in Resources */,
				3F5E1E8E39BA4F9294D2BAF2 /* Inter-Thin.otf in Resources */,
			);
			runOnlyForDeploymentPostprocessing = 0;
		};
		D9B5509E359F4F29A36E7EBE /* Resources */ = {
			isa = PBXResourcesBuildPhase;
			buildActionMask = 2147483647;
			files = (
				12E5A9F637F14FFCB75CE79F /* MainInterface.storyboard in Resources */,
				8B478D40533648DFAF9F0EFE /* ShareExtensionPreprocessor.js in Resources */,
				FA3B83A4421541ABB1B9F1C6 /* PrivacyInfo.xcprivacy in Resources */,
			);
			runOnlyForDeploymentPostprocessing = 0;
		};
/* End PBXResourcesBuildPhase section */

/* Begin PBXShellScriptBuildPhase section */
		00DD1BFF1BD5951E006B06BC /* Bundle React Native code and images */ = {
			isa = PBXShellScriptBuildPhase;
			alwaysOutOfDate = 1;
			buildActionMask = 2147483647;
			files = (
			);
			inputPaths = (
				"$(SRCROOT)/.xcode.env",
				"$(SRCROOT)/.xcode.env.local",
			);
			name = "Bundle React Native code and images";
			outputPaths = (
			);
			runOnlyForDeploymentPostprocessing = 0;
			shellPath = /bin/sh;
			shellScript = "if [[ -f \"$PODS_ROOT/../.xcode.env\" ]]; then\n  source \"$PODS_ROOT/../.xcode.env\"\nfi\nif [[ -f \"$PODS_ROOT/../.xcode.env.local\" ]]; then\n  source \"$PODS_ROOT/../.xcode.env.local\"\nfi\n\n# The project root by default is one level up from the ios directory\nexport PROJECT_ROOT=\"$PROJECT_DIR\"/..\n\nif [[ \"$CONFIGURATION\" = *Debug* ]]; then\n  export SKIP_BUNDLING=1\nfi\nif [[ -z \"$ENTRY_FILE\" ]]; then\n  # Set the entry JS file using the bundler's entry resolution.\n  export ENTRY_FILE=\"$(\"$NODE_BINARY\" -e \"require('expo/scripts/resolveAppEntry')\" \"$PROJECT_ROOT\" ios absolute | tail -n 1)\"\nfi\n\nif [[ -z \"$CLI_PATH\" ]]; then\n  # Use Expo CLI\n  export CLI_PATH=\"$(\"$NODE_BINARY\" --print \"require.resolve('@expo/cli', { paths: [require.resolve('expo/package.json')] })\")\"\nfi\nif [[ -z \"$BUNDLE_COMMAND\" ]]; then\n  # Default Expo CLI command for bundling\n  export BUNDLE_COMMAND=\"export:embed\"\nfi\n\n# Source .xcode.env.updates if it exists to allow\n# SKIP_BUNDLING to be unset if needed\nif [[ -f \"$PODS_ROOT/../.xcode.env.updates\" ]]; then\n  source \"$PODS_ROOT/../.xcode.env.updates\"\nfi\n# Source local changes to allow overrides\n# if needed\nif [[ -f \"$PODS_ROOT/../.xcode.env.local\" ]]; then\n  source \"$PODS_ROOT/../.xcode.env.local\"\nfi\n\n`\"$NODE_BINARY\" --print \"require('path').dirname(require.resolve('react-native/package.json')) + '/scripts/react-native-xcode.sh'\"`\n\n";
		};
		08A4A3CD28434E44B6B9DE2E /* [CP] Check Pods Manifest.lock */ = {
			isa = PBXShellScriptBuildPhase;
			buildActionMask = 2147483647;
			files = (
			);
			inputFileListPaths = (
			);
			inputPaths = (
				"${PODS_PODFILE_DIR_PATH}/Podfile.lock",
				"${PODS_ROOT}/Manifest.lock",
			);
			name = "[CP] Check Pods Manifest.lock";
			outputFileListPaths = (
			);
			outputPaths = (
				"$(DERIVED_FILE_DIR)/Pods-Brace-checkManifestLockResult.txt",
			);
			runOnlyForDeploymentPostprocessing = 0;
			shellPath = /bin/sh;
			shellScript = "diff \"${PODS_PODFILE_DIR_PATH}/Podfile.lock\" \"${PODS_ROOT}/Manifest.lock\" > /dev/null\nif [ $? != 0 ] ; then\n    # print error to STDERR\n    echo \"error: The sandbox is not in sync with the Podfile.lock. Run 'pod install' or update your CocoaPods installation.\" >&2\n    exit 1\nfi\n# This output is used by Xcode 'outputs' to avoid re-running this script phase.\necho \"SUCCESS\" > \"${SCRIPT_OUTPUT_FILE_0}\"\n";
			showEnvVarsInLog = 0;
		};
		800E24972A6A228C8D4807E9 /* [CP] Copy Pods Resources */ = {
			isa = PBXShellScriptBuildPhase;
			buildActionMask = 2147483647;
			files = (
			);
			inputPaths = (
				"${PODS_ROOT}/Target Support Files/Pods-Brace/Pods-Brace-resources.sh",
				"${PODS_CONFIGURATION_BUILD_DIR}/Blockstack/Blockstack.bundle",
				"${PODS_CONFIGURATION_BUILD_DIR}/EXConstants/EXConstants.bundle",
				"${PODS_CONFIGURATION_BUILD_DIR}/EXConstants/ExpoConstants_privacy.bundle",
				"${PODS_CONFIGURATION_BUILD_DIR}/ExpoFileSystem/ExpoFileSystem_privacy.bundle",
				"${PODS_CONFIGURATION_BUILD_DIR}/ExpoLocalization/ExpoLocalization_privacy.bundle",
				"${PODS_CONFIGURATION_BUILD_DIR}/ExpoSystemUI/ExpoSystemUI_privacy.bundle",
				"${PODS_CONFIGURATION_BUILD_DIR}/PromisesObjC/FBLPromises_Privacy.bundle",
				"${PODS_CONFIGURATION_BUILD_DIR}/PromisesSwift/Promises_Privacy.bundle",
				"${PODS_CONFIGURATION_BUILD_DIR}/RNCAsyncStorage/RNCAsyncStorage_resources.bundle",
				"${PODS_CONFIGURATION_BUILD_DIR}/RNSVG/RNSVGFilters.bundle",
				"${PODS_CONFIGURATION_BUILD_DIR}/React-Core/React-Core_privacy.bundle",
				"${PODS_CONFIGURATION_BUILD_DIR}/React-cxxreact/React-cxxreact_privacy.bundle",
				"${PODS_CONFIGURATION_BUILD_DIR}/SDWebImage/SDWebImage.bundle",
				"${PODS_CONFIGURATION_BUILD_DIR}/ZIPFoundation/ZIPFoundation_Privacy.bundle",
				"${PODS_CONFIGURATION_BUILD_DIR}/expo-dev-launcher/EXDevLauncher.bundle",
				"${PODS_CONFIGURATION_BUILD_DIR}/expo-dev-menu/EXDevMenu.bundle",
			);
			name = "[CP] Copy Pods Resources";
			outputPaths = (
				"${TARGET_BUILD_DIR}/${UNLOCALIZED_RESOURCES_FOLDER_PATH}/Blockstack.bundle",
				"${TARGET_BUILD_DIR}/${UNLOCALIZED_RESOURCES_FOLDER_PATH}/EXConstants.bundle",
				"${TARGET_BUILD_DIR}/${UNLOCALIZED_RESOURCES_FOLDER_PATH}/ExpoConstants_privacy.bundle",
				"${TARGET_BUILD_DIR}/${UNLOCALIZED_RESOURCES_FOLDER_PATH}/ExpoFileSystem_privacy.bundle",
				"${TARGET_BUILD_DIR}/${UNLOCALIZED_RESOURCES_FOLDER_PATH}/ExpoLocalization_privacy.bundle",
				"${TARGET_BUILD_DIR}/${UNLOCALIZED_RESOURCES_FOLDER_PATH}/ExpoSystemUI_privacy.bundle",
				"${TARGET_BUILD_DIR}/${UNLOCALIZED_RESOURCES_FOLDER_PATH}/FBLPromises_Privacy.bundle",
				"${TARGET_BUILD_DIR}/${UNLOCALIZED_RESOURCES_FOLDER_PATH}/Promises_Privacy.bundle",
				"${TARGET_BUILD_DIR}/${UNLOCALIZED_RESOURCES_FOLDER_PATH}/RNCAsyncStorage_resources.bundle",
				"${TARGET_BUILD_DIR}/${UNLOCALIZED_RESOURCES_FOLDER_PATH}/RNSVGFilters.bundle",
				"${TARGET_BUILD_DIR}/${UNLOCALIZED_RESOURCES_FOLDER_PATH}/React-Core_privacy.bundle",
				"${TARGET_BUILD_DIR}/${UNLOCALIZED_RESOURCES_FOLDER_PATH}/React-cxxreact_privacy.bundle",
				"${TARGET_BUILD_DIR}/${UNLOCALIZED_RESOURCES_FOLDER_PATH}/SDWebImage.bundle",
				"${TARGET_BUILD_DIR}/${UNLOCALIZED_RESOURCES_FOLDER_PATH}/ZIPFoundation_Privacy.bundle",
				"${TARGET_BUILD_DIR}/${UNLOCALIZED_RESOURCES_FOLDER_PATH}/EXDevLauncher.bundle",
				"${TARGET_BUILD_DIR}/${UNLOCALIZED_RESOURCES_FOLDER_PATH}/EXDevMenu.bundle",
			);
			runOnlyForDeploymentPostprocessing = 0;
			shellPath = /bin/sh;
			shellScript = "\"${PODS_ROOT}/Target Support Files/Pods-Brace/Pods-Brace-resources.sh\"\n";
			showEnvVarsInLog = 0;
		};
		AB4536C337FA2B13EBCD94AD /* [Expo] Configure project */ = {
			isa = PBXShellScriptBuildPhase;
			alwaysOutOfDate = 1;
			buildActionMask = 2147483647;
			files = (
			);
			inputFileListPaths = (
			);
			inputPaths = (
				"$(SRCROOT)/.xcode.env",
				"$(SRCROOT)/.xcode.env.local",
				"$(SRCROOT)/Brace/Brace.entitlements",
				"$(SRCROOT)/Pods/Target Support Files/Pods-Brace/expo-configure-project.sh",
			);
			name = "[Expo] Configure project";
			outputFileListPaths = (
			);
			outputPaths = (
				"$(SRCROOT)/Pods/Target Support Files/Pods-Brace/ExpoModulesProvider.swift",
			);
			runOnlyForDeploymentPostprocessing = 0;
			shellPath = /bin/sh;
			shellScript = "# This script configures Expo modules and generates the modules provider file.\nbash -l -c \"./Pods/Target\\ Support\\ Files/Pods-Brace/expo-configure-project.sh\"\n";
		};
		D6686B8286F6F34B6189725D /* [CP] Embed Pods Frameworks */ = {
			isa = PBXShellScriptBuildPhase;
			buildActionMask = 2147483647;
			files = (
			);
			inputPaths = (
				"${PODS_ROOT}/Target Support Files/Pods-Brace/Pods-Brace-frameworks.sh",
				"${PODS_XCFRAMEWORKS_BUILD_DIR}/React-Core-prebuilt/React.framework/React",
				"${PODS_XCFRAMEWORKS_BUILD_DIR}/ReactNativeDependencies/ReactNativeDependencies.framework/ReactNativeDependencies",
				"${PODS_XCFRAMEWORKS_BUILD_DIR}/hermes-engine/Pre-built/hermes.framework/hermes",
			);
			name = "[CP] Embed Pods Frameworks";
			outputPaths = (
				"${TARGET_BUILD_DIR}/${FRAMEWORKS_FOLDER_PATH}/React.framework",
				"${TARGET_BUILD_DIR}/${FRAMEWORKS_FOLDER_PATH}/ReactNativeDependencies.framework",
				"${TARGET_BUILD_DIR}/${FRAMEWORKS_FOLDER_PATH}/hermes.framework",
			);
			runOnlyForDeploymentPostprocessing = 0;
			shellPath = /bin/sh;
			shellScript = "\"${PODS_ROOT}/Target Support Files/Pods-Brace/Pods-Brace-frameworks.sh\"\n";
			showEnvVarsInLog = 0;
		};
/* End PBXShellScriptBuildPhase section */

/* Begin PBXSourcesBuildPhase section */
		13B07F871A680F5B00A75B9A /* Sources */ = {
			isa = PBXSourcesBuildPhase;
			buildActionMask = 2147483647;
			files = (
				F11748422D0307B40044C1D9 /* AppDelegate.swift in Sources */,
				6FA72329DC4AF961F81194F1 /* ExpoModulesProvider.swift in Sources */,
			);
			runOnlyForDeploymentPostprocessing = 0;
		};
		921EC8689BA74D9A8716C729 /* Sources */ = {
			isa = PBXSourcesBuildPhase;
			buildActionMask = 2147483647;
			files = (
				8EAB6E6A98B04CA79FD960F1 /* ShareViewController.swift in Sources */,
			);
			runOnlyForDeploymentPostprocessing = 0;
		};
/* End PBXSourcesBuildPhase section */

/* Begin PBXTargetDependency section */
		8B6F8D3607FB41B39127FEA5 /* PBXTargetDependency */ = {
			isa = PBXTargetDependency;
			target = 57AC8DE18AAC47CB8B74EA78 /* SavetoBrace */;
			targetProxy = 0F30C8FF49E14F5EA7509074 /* PBXContainerItemProxy */;
		};
/* End PBXTargetDependency section */

/* Begin XCBuildConfiguration section */
		13B07F941A680F5B00A75B9A /* Debug */ = {
			isa = XCBuildConfiguration;
			baseConfigurationReference = 39A355E821BA3479B8047E21 /* Pods-Brace.debug.xcconfig */;
			buildSettings = {
				ASSETCATALOG_COMPILER_APPICON_NAME = AppIcon;
				CLANG_ENABLE_MODULES = YES;
				CODE_SIGN_ENTITLEMENTS = Brace/Brace.entitlements;
				CURRENT_PROJECT_VERSION = 1;
				DEVELOPMENT_TEAM = DZ8XN7425J;
				ENABLE_BITCODE = NO;
				GCC_PREPROCESSOR_DEFINITIONS = (
					"$(inherited)",
					"FB_SONARKIT_ENABLED=1",
				);
				INFOPLIST_FILE = Brace/Info.plist;
				INFOPLIST_KEY_CFBundleDisplayName = Brace;
				INFOPLIST_KEY_LSApplicationCategoryType = "public.app-category.productivity";
				IPHONEOS_DEPLOYMENT_TARGET = 15.5;
				LD_RUNPATH_SEARCH_PATHS = (
					"$(inherited)",
					"@executable_path/Frameworks",
				);
				MARKETING_VERSION = 0.38.0;
				OTHER_LDFLAGS = (
					"$(inherited)",
					"-ObjC",
					"-lc++",
				);
				OTHER_SWIFT_FLAGS = "$(inherited) -D EXPO_CONFIGURATION_DEBUG";
				PRODUCT_BUNDLE_IDENTIFIER = com.bracedotto.brace;
				PRODUCT_NAME = Brace;
				SWIFT_OBJC_BRIDGING_HEADER = "Brace/Brace-Bridging-Header.h";
				SWIFT_OPTIMIZATION_LEVEL = "-Onone";
				SWIFT_VERSION = 5.0;
				TARGETED_DEVICE_FAMILY = "1,2";
				VERSIONING_SYSTEM = "apple-generic";
			};
			name = Debug;
		};
		13B07F951A680F5B00A75B9A /* Release */ = {
			isa = XCBuildConfiguration;
			baseConfigurationReference = 276D81DE88CC65C9E63D6F8A /* Pods-Brace.release.xcconfig */;
			buildSettings = {
				ASSETCATALOG_COMPILER_APPICON_NAME = AppIcon;
				CLANG_ENABLE_MODULES = YES;
				CODE_SIGN_ENTITLEMENTS = Brace/Brace.entitlements;
				CURRENT_PROJECT_VERSION = 1;
				DEVELOPMENT_TEAM = DZ8XN7425J;
				INFOPLIST_FILE = Brace/Info.plist;
				INFOPLIST_KEY_CFBundleDisplayName = Brace;
				INFOPLIST_KEY_LSApplicationCategoryType = "public.app-category.productivity";
				IPHONEOS_DEPLOYMENT_TARGET = 15.5;
				LD_RUNPATH_SEARCH_PATHS = (
					"$(inherited)",
					"@executable_path/Frameworks",
				);
				MARKETING_VERSION = 0.38.0;
				OTHER_LDFLAGS = (
					"$(inherited)",
					"-ObjC",
					"-lc++",
				);
				OTHER_SWIFT_FLAGS = "$(inherited) -D EXPO_CONFIGURATION_RELEASE";
				PRODUCT_BUNDLE_IDENTIFIER = com.bracedotto.brace;
				PRODUCT_NAME = Brace;
				SWIFT_OBJC_BRIDGING_HEADER = "Brace/Brace-Bridging-Header.h";
				SWIFT_VERSION = 5.0;
				TARGETED_DEVICE_FAMILY = "1,2";
				VERSIONING_SYSTEM = "apple-generic";
			};
			name = Release;
		};
		529AE461977A41B8ADFACCC4 /* Debug */ = {
			isa = XCBuildConfiguration;
			buildSettings = {
				CLANG_ENABLE_MODULES = YES;
				CODE_SIGN_ENTITLEMENTS = SavetoBrace/ShareExtension.entitlements;
				CODE_SIGN_STYLE = Automatic;
				CURRENT_PROJECT_VERSION = 1;
				DEVELOPMENT_TEAM = DZ8XN7425J;
				GCC_PREPROCESSOR_DEFINITIONS = (
					"DEBUG=1",
					"$(inherited)",
				);
				GENERATE_INFOPLIST_FILE = YES;
				INFOPLIST_FILE = "SavetoBrace/ShareExtension-Info.plist";
				INFOPLIST_KEY_CFBundleDisplayName = "Save to Brace";
				IPHONEOS_DEPLOYMENT_TARGET = 15.5;
				LD_RUNPATH_SEARCH_PATHS = (
					"$(inherited)",
					"@executable_path/Frameworks",
					"@executable_path/../../Frameworks",
				);
				MARKETING_VERSION = 0.38.0;
				OTHER_SWIFT_FLAGS = "$(inherited) -D EXPO_CONFIGURATION_DEBUG";
				PRODUCT_BUNDLE_IDENTIFIER = "com.bracedotto.brace.share-extension";
				PRODUCT_NAME = SavetoBrace;
				SKIP_INSTALL = YES;
				SWIFT_EMIT_LOC_STRINGS = YES;
				SWIFT_VERSION = 5.0;
				TARGETED_DEVICE_FAMILY = "1,2";
			};
			name = Debug;
		};
		815FA6B07373427EA90F25FB /* Release */ = {
			isa = XCBuildConfiguration;
			buildSettings = {
				CLANG_ENABLE_MODULES = YES;
				CODE_SIGN_ENTITLEMENTS = SavetoBrace/ShareExtension.entitlements;
				CODE_SIGN_STYLE = Automatic;
				CURRENT_PROJECT_VERSION = 1;
				DEVELOPMENT_TEAM = DZ8XN7425J;
				GENERATE_INFOPLIST_FILE = YES;
				INFOPLIST_FILE = "SavetoBrace/ShareExtension-Info.plist";
				INFOPLIST_KEY_CFBundleDisplayName = "Save to Brace";
				IPHONEOS_DEPLOYMENT_TARGET = 15.5;
				LD_RUNPATH_SEARCH_PATHS = (
					"$(inherited)",
					"@executable_path/Frameworks",
					"@executable_path/../../Frameworks",
				);
				MARKETING_VERSION = 0.38.0;
				OTHER_SWIFT_FLAGS = "$(inherited) -D EXPO_CONFIGURATION_RELEASE";
				PRODUCT_BUNDLE_IDENTIFIER = "com.bracedotto.brace.share-extension";
				PRODUCT_NAME = SavetoBrace;
				SKIP_INSTALL = YES;
				SWIFT_EMIT_LOC_STRINGS = YES;
				SWIFT_VERSION = 5.0;
				TARGETED_DEVICE_FAMILY = "1,2";
			};
			name = Release;
		};
		83CBBA201A601CBA00E9B192 /* Debug */ = {
			isa = XCBuildConfiguration;
			buildSettings = {
				ALWAYS_SEARCH_USER_PATHS = NO;
				CLANG_ANALYZER_LOCALIZABILITY_NONLOCALIZED = YES;
				CLANG_CXX_LANGUAGE_STANDARD = "c++20";
				CLANG_CXX_LIBRARY = "libc++";
				CLANG_ENABLE_MODULES = YES;
				CLANG_ENABLE_OBJC_ARC = YES;
				CLANG_WARN_BLOCK_CAPTURE_AUTORELEASING = YES;
				CLANG_WARN_BOOL_CONVERSION = YES;
				CLANG_WARN_COMMA = YES;
				CLANG_WARN_CONSTANT_CONVERSION = YES;
				CLANG_WARN_DEPRECATED_OBJC_IMPLEMENTATIONS = YES;
				CLANG_WARN_DIRECT_OBJC_ISA_USAGE = YES_ERROR;
				CLANG_WARN_EMPTY_BODY = YES;
				CLANG_WARN_ENUM_CONVERSION = YES;
				CLANG_WARN_INFINITE_RECURSION = YES;
				CLANG_WARN_INT_CONVERSION = YES;
				CLANG_WARN_NON_LITERAL_NULL_CONVERSION = YES;
				CLANG_WARN_OBJC_IMPLICIT_RETAIN_SELF = YES;
				CLANG_WARN_OBJC_LITERAL_CONVERSION = YES;
				CLANG_WARN_OBJC_ROOT_CLASS = YES_ERROR;
				CLANG_WARN_RANGE_LOOP_ANALYSIS = YES;
				CLANG_WARN_STRICT_PROTOTYPES = YES;
				CLANG_WARN_SUSPICIOUS_MOVE = YES;
				CLANG_WARN_UNREACHABLE_CODE = YES;
				CLANG_WARN__DUPLICATE_METHOD_MATCH = YES;
				"CODE_SIGN_IDENTITY[sdk=iphoneos*]" = "iPhone Developer";
				COPY_PHASE_STRIP = NO;
				ENABLE_STRICT_OBJC_MSGSEND = YES;
				ENABLE_TESTABILITY = YES;
				GCC_C_LANGUAGE_STANDARD = gnu99;
				GCC_DYNAMIC_NO_PIC = NO;
				GCC_NO_COMMON_BLOCKS = YES;
				GCC_OPTIMIZATION_LEVEL = 0;
				GCC_PREPROCESSOR_DEFINITIONS = (
					"DEBUG=1",
					"$(inherited)",
				);
				GCC_SYMBOLS_PRIVATE_EXTERN = NO;
				GCC_WARN_64_TO_32_BIT_CONVERSION = YES;
				GCC_WARN_ABOUT_RETURN_TYPE = YES_ERROR;
				GCC_WARN_UNDECLARED_SELECTOR = YES;
				GCC_WARN_UNINITIALIZED_AUTOS = YES_AGGRESSIVE;
				GCC_WARN_UNUSED_FUNCTION = YES;
				GCC_WARN_UNUSED_VARIABLE = YES;
				IPHONEOS_DEPLOYMENT_TARGET = 15.1;
				LD_RUNPATH_SEARCH_PATHS = (
					/usr/lib/swift,
					"$(inherited)",
				);
				LIBRARY_SEARCH_PATHS = "$(SDKROOT)/usr/lib/swift\"$(inherited)\"";
				MTL_ENABLE_DEBUG_INFO = YES;
				ONLY_ACTIVE_ARCH = YES;
				REACT_NATIVE_PATH = "${PODS_ROOT}/../../node_modules/react-native";
				SDKROOT = iphoneos;
				SWIFT_ACTIVE_COMPILATION_CONDITIONS = "$(inherited) DEBUG";
				SWIFT_ENABLE_EXPLICIT_MODULES = NO;
				USE_HERMES = true;
			};
			name = Debug;
		};
		83CBBA211A601CBA00E9B192 /* Release */ = {
			isa = XCBuildConfiguration;
			buildSettings = {
				ALWAYS_SEARCH_USER_PATHS = NO;
				CLANG_ANALYZER_LOCALIZABILITY_NONLOCALIZED = YES;
				CLANG_CXX_LANGUAGE_STANDARD = "c++20";
				CLANG_CXX_LIBRARY = "libc++";
				CLANG_ENABLE_MODULES = YES;
				CLANG_ENABLE_OBJC_ARC = YES;
				CLANG_WARN_BLOCK_CAPTURE_AUTORELEASING = YES;
				CLANG_WARN_BOOL_CONVERSION = YES;
				CLANG_WARN_COMMA = YES;
				CLANG_WARN_CONSTANT_CONVERSION = YES;
				CLANG_WARN_DEPRECATED_OBJC_IMPLEMENTATIONS = YES;
				CLANG_WARN_DIRECT_OBJC_ISA_USAGE = YES_ERROR;
				CLANG_WARN_EMPTY_BODY = YES;
				CLANG_WARN_ENUM_CONVERSION = YES;
				CLANG_WARN_INFINITE_RECURSION = YES;
				CLANG_WARN_INT_CONVERSION = YES;
				CLANG_WARN_NON_LITERAL_NULL_CONVERSION = YES;
				CLANG_WARN_OBJC_IMPLICIT_RETAIN_SELF = YES;
				CLANG_WARN_OBJC_LITERAL_CONVERSION = YES;
				CLANG_WARN_OBJC_ROOT_CLASS = YES_ERROR;
				CLANG_WARN_RANGE_LOOP_ANALYSIS = YES;
				CLANG_WARN_STRICT_PROTOTYPES = YES;
				CLANG_WARN_SUSPICIOUS_MOVE = YES;
				CLANG_WARN_UNREACHABLE_CODE = YES;
				CLANG_WARN__DUPLICATE_METHOD_MATCH = YES;
				"CODE_SIGN_IDENTITY[sdk=iphoneos*]" = "iPhone Developer";
				COPY_PHASE_STRIP = YES;
				ENABLE_NS_ASSERTIONS = NO;
				ENABLE_STRICT_OBJC_MSGSEND = YES;
				GCC_C_LANGUAGE_STANDARD = gnu99;
				GCC_NO_COMMON_BLOCKS = YES;
				GCC_WARN_64_TO_32_BIT_CONVERSION = YES;
				GCC_WARN_ABOUT_RETURN_TYPE = YES_ERROR;
				GCC_WARN_UNDECLARED_SELECTOR = YES;
				GCC_WARN_UNINITIALIZED_AUTOS = YES_AGGRESSIVE;
				GCC_WARN_UNUSED_FUNCTION = YES;
				GCC_WARN_UNUSED_VARIABLE = YES;
				IPHONEOS_DEPLOYMENT_TARGET = 15.1;
				LD_RUNPATH_SEARCH_PATHS = (
					/usr/lib/swift,
					"$(inherited)",
				);
				LIBRARY_SEARCH_PATHS = "$(SDKROOT)/usr/lib/swift\"$(inherited)\"";
				MTL_ENABLE_DEBUG_INFO = NO;
				REACT_NATIVE_PATH = "${PODS_ROOT}/../../node_modules/react-native";
				SDKROOT = iphoneos;
				SWIFT_ENABLE_EXPLICIT_MODULES = NO;
				USE_HERMES = true;
				VALIDATE_PRODUCT = YES;
			};
			name = Release;
		};
/* End XCBuildConfiguration section */

/* Begin XCConfigurationList section */
		0A741883CA03487F9ED125BF /* Build configuration list for PBXNativeTarget "SavetoBrace" */ = {
			isa = XCConfigurationList;
			buildConfigurations = (
				529AE461977A41B8ADFACCC4 /* Debug */,
				815FA6B07373427EA90F25FB /* Release */,
			);
			defaultConfigurationIsVisible = 0;
			defaultConfigurationName = Release;
		};
		13B07F931A680F5B00A75B9A /* Build configuration list for PBXNativeTarget "Brace" */ = {
			isa = XCConfigurationList;
			buildConfigurations = (
				13B07F941A680F5B00A75B9A /* Debug */,
				13B07F951A680F5B00A75B9A /* Release */,
			);
			defaultConfigurationIsVisible = 0;
			defaultConfigurationName = Release;
		};
		83CBB9FA1A601CBA00E9B192 /* Build configuration list for PBXProject "Brace" */ = {
			isa = XCConfigurationList;
			buildConfigurations = (
				83CBBA201A601CBA00E9B192 /* Debug */,
				83CBBA211A601CBA00E9B192 /* Release */,
			);
			defaultConfigurationIsVisible = 0;
			defaultConfigurationName = Release;
		};
/* End XCConfigurationList section */
	};
	rootObject = 83CBB9F71A601CBA00E9B192 /* Project object */;
}
