{
  "name": "func",
  "lockfileVersion": 3,
  "requires": true,
  "packages": {
    "": {
      "devDependencies": {
        "@types/aws-cloudfront-function": "^1.0.5"
      }
    },
    "node_modules/@types/aws-cloudfront-function": {
      "version": "1.0.5",
      "resolved": "https://registry.npmjs.org/@types/aws-cloudfront-function/-/aws-cloudfront-function-1.0.5.tgz",
      "integrity": "sha512-t3L2aoiZngEViYGlTIwLOBqHSmCEDS8GzDEpsb4DGC3cTpxLIVPxj3CCF3ZgAZS0kMV/Y+F5qOMZMK5sl9JlyQ==",
      "dev": true,
      "license": "MIT"
    }
  }
}
