// !$*UTF8*$!
{
	archiveVersion = 1;
	classes = {
	};
	objectVersion = 54;
	objects = {

/* Begin PBXBuildFile section */
		00E356F31AD99517003FC87E /* BracedottoTests.m in Sources */ = {isa = PBXBuildFile; fileRef = 00E356F21AD99517003FC87E /* BracedottoTests.m */; };
		04A95A3E2CBE579000D80D46 /* StoreKit.framework in Frameworks */ = {isa = PBXBuildFile; fileRef = 04A95A3D2CBE579000D80D46 /* StoreKit.framework */; };
		04A95A412CBE5DB700D80D46 /* Dummy.swift in Sources */ = {isa = PBXBuildFile; fileRef = 04A95A402CBE5DB700D80D46 /* Dummy.swift */; };
		04A95A502CBE5E4400D80D46 /* Save to Brace.appex in Embed Foundation Extensions */ = {isa = PBXBuildFile; fileRef = 04A95A462CBE5E4300D80D46 /* Save to Brace.appex */; settings = {ATTRIBUTES = (RemoveHeadersOnCopy, ); }; };
		04A95A5C2CBE5E5900D80D46 /* MainInterface.storyboard in Resources */ = {isa = PBXBuildFile; fileRef = 04A95A582CBE5E5900D80D46 /* MainInterface.storyboard */; };
		04A95A5D2CBE5E5900D80D46 /* ShareViewController.swift in Sources */ = {isa = PBXBuildFile; fileRef = 04A95A592CBE5E5900D80D46 /* ShareViewController.swift */; };
		04A95A602CBE60B200D80D46 /* PrivacyInfo.xcprivacy in Resources */ = {isa = PBXBuildFile; fileRef = 04A95A5F2CBE60B200D80D46 /* PrivacyInfo.xcprivacy */; };
		04A95A612CBE60B200D80D46 /* PrivacyInfo.xcprivacy in Resources */ = {isa = PBXBuildFile; fileRef = 04A95A5F2CBE60B200D80D46 /* PrivacyInfo.xcprivacy */; };
		04A95A622CBE60E400D80D46 /* Dummy.swift in Sources */ = {isa = PBXBuildFile; fileRef = 04A95A402CBE5DB700D80D46 /* Dummy.swift */; };
		04A95A752CBE61AB00D80D46 /* KeysJS.swift in Sources */ = {isa = PBXBuildFile; fileRef = 04A95A742CBE61AB00D80D46 /* KeysJS.swift */; };
		04A95A762CBE61AB00D80D46 /* Encryption.swift in Sources */ = {isa = PBXBuildFile; fileRef = 04A95A6F2CBE61AB00D80D46 /* Encryption.swift */; };
		04A95A772CBE61AB00D80D46 /* Blockstack.swift in Sources */ = {isa = PBXBuildFile; fileRef = 04A95A692CBE61AB00D80D46 /* Blockstack.swift */; };
		04A95A782CBE61AB00D80D46 /* Constants.swift in Sources */ = {isa = PBXBuildFile; fileRef = 04A95A6A2CBE61AB00D80D46 /* Constants.swift */; };
		04A95A792CBE61AB00D80D46 /* Extensions.swift in Sources */ = {isa = PBXBuildFile; fileRef = 04A95A712CBE61AB00D80D46 /* Extensions.swift */; };
		04A95A7A2CBE61AB00D80D46 /* EncryptionJS.swift in Sources */ = {isa = PBXBuildFile; fileRef = 04A95A702CBE61AB00D80D46 /* EncryptionJS.swift */; };
		04A95A7B2CBE61AB00D80D46 /* Keys.swift in Sources */ = {isa = PBXBuildFile; fileRef = 04A95A732CBE61AB00D80D46 /* Keys.swift */; };
		04A95A7C2CBE61AB00D80D46 /* JSONTokensJS.swift in Sources */ = {isa = PBXBuildFile; fileRef = 04A95A722CBE61AB00D80D46 /* JSONTokensJS.swift */; };
		04A95A7D2CBE61AB00D80D46 /* BitcoinJS.swift in Sources */ = {isa = PBXBuildFile; fileRef = 04A95A682CBE61AB00D80D46 /* BitcoinJS.swift */; };
		04A95A7E2CBE61AB00D80D46 /* BigInt.swift in Sources */ = {isa = PBXBuildFile; fileRef = 04A95A662CBE61AB00D80D46 /* BigInt.swift */; };
		04A95A7F2CBE61AB00D80D46 /* EllipticJS.swift in Sources */ = {isa = PBXBuildFile; fileRef = 04A95A6D2CBE61AB00D80D46 /* EllipticJS.swift */; };
		04A95A802CBE61AB00D80D46 /* DataTypes.swift in Sources */ = {isa = PBXBuildFile; fileRef = 04A95A6B2CBE61AB00D80D46 /* DataTypes.swift */; };
		04A95A812CBE61AB00D80D46 /* bitcoinjs.js in Resources */ = {isa = PBXBuildFile; fileRef = 04A95A672CBE61AB00D80D46 /* bitcoinjs.js */; };
		04A95A822CBE61AB00D80D46 /* bigi.js in Resources */ = {isa = PBXBuildFile; fileRef = 04A95A652CBE61AB00D80D46 /* bigi.js */; };
		04A95A832CBE61AB00D80D46 /* encryption.js in Resources */ = {isa = PBXBuildFile; fileRef = 04A95A6E2CBE61AB00D80D46 /* encryption.js */; };
		04A95A842CBE61AB00D80D46 /* elliptic.js in Resources */ = {isa = PBXBuildFile; fileRef = 04A95A6C2CBE61AB00D80D46 /* elliptic.js */; };
		04A95A872CBE62B800D80D46 /* keys.js in Resources */ = {isa = PBXBuildFile; fileRef = 04A95A862CBE62B800D80D46 /* keys.js */; };
		04A95A882CBE62B800D80D46 /* jsontokens.js in Resources */ = {isa = PBXBuildFile; fileRef = 04A95A852CBE62B800D80D46 /* jsontokens.js */; };
		04A95A892CBE62EA00D80D46 /* Inter-SemiBold.otf in Resources */ = {isa = PBXBuildFile; fileRef = 86B1D5145DE94B8C9FAD5794 /* Inter-SemiBold.otf */; };
		04A95A8A2CBE62EA00D80D46 /* Inter-MediumItalic.otf in Resources */ = {isa = PBXBuildFile; fileRef = 343CE4ABA10245119E917503 /* Inter-MediumItalic.otf */; };
		04A95A8B2CBE62EA00D80D46 /* Inter-ExtraLight.otf in Resources */ = {isa = PBXBuildFile; fileRef = FB7CD475051C49789247D975 /* Inter-ExtraLight.otf */; };
		04A95A8C2CBE62EA00D80D46 /* Inter-Thin.otf in Resources */ = {isa = PBXBuildFile; fileRef = 3D751FAB2A7447438CBD4CC9 /* Inter-Thin.otf */; };
		04A95A8D2CBE62EA00D80D46 /* Inter-Italic.otf in Resources */ = {isa = PBXBuildFile; fileRef = 93F8772C278F40ECBDBDD92F /* Inter-Italic.otf */; };
		04A95A8E2CBE62EA00D80D46 /* Inter-ThinItalic.otf in Resources */ = {isa = PBXBuildFile; fileRef = A3ABC664C2934AAB870AFBE2 /* Inter-ThinItalic.otf */; };
		04A95A8F2CBE62EA00D80D46 /* Inter-Regular.otf in Resources */ = {isa = PBXBuildFile; fileRef = 0A8B6CABDFB249BDB60A4D03 /* Inter-Regular.otf */; };
		04A95A902CBE62EA00D80D46 /* Inter-Medium.otf in Resources */ = {isa = PBXBuildFile; fileRef = D330C2EA25FB4701A8B2CE5E /* Inter-Medium.otf */; };
		04A95A912CBE62EA00D80D46 /* Inter-ExtraBold.otf in Resources */ = {isa = PBXBuildFile; fileRef = 5886605ECE4A48A1BC55010D /* Inter-ExtraBold.otf */; };
		04A95A922CBE62EA00D80D46 /* Inter-Bold.otf in Resources */ = {isa = PBXBuildFile; fileRef = 1FB4C7AE7C114FDE8BA94852 /* Inter-Bold.otf */; };
		04A95A932CBE62EA00D80D46 /* Inter-Light.otf in Resources */ = {isa = PBXBuildFile; fileRef = E75DD888B0EE43FFAB4FDE8E /* Inter-Light.otf */; };
		04A95A942CBE62EA00D80D46 /* Inter-Black.otf in Resources */ = {isa = PBXBuildFile; fileRef = C43F776B384B4446962B0208 /* Inter-Black.otf */; };
		04A95A952CBE62EA00D80D46 /* Inter-BoldItalic.otf in Resources */ = {isa = PBXBuildFile; fileRef = A3B554710E0A41AF8A254EC0 /* Inter-BoldItalic.otf */; };
		04A95A962CBE62EA00D80D46 /* Inter-SemiBoldItalic.otf in Resources */ = {isa = PBXBuildFile; fileRef = DA783A93740842FBB76DF73D /* Inter-SemiBoldItalic.otf */; };
		04A95A972CBE62EA00D80D46 /* Inter-LightItalic.otf in Resources */ = {isa = PBXBuildFile; fileRef = BCB88F0B9ECE4C709C45380B /* Inter-LightItalic.otf */; };
		04A95A982CBE62EA00D80D46 /* Inter-ExtraBoldItalic.otf in Resources */ = {isa = PBXBuildFile; fileRef = 11E40564005F457F80D8CD4C /* Inter-ExtraBoldItalic.otf */; };
		04A95A992CBE62EA00D80D46 /* Inter-BlackItalic.otf in Resources */ = {isa = PBXBuildFile; fileRef = 079BA7ADA4F242D3B75E9E9D /* Inter-BlackItalic.otf */; };
		04A95A9A2CBE62EA00D80D46 /* Inter-ExtraLightItalic.otf in Resources */ = {isa = PBXBuildFile; fileRef = 4CC17237B47647E6B403CA35 /* Inter-ExtraLightItalic.otf */; };
		04A95A9C2CBE664800D80D46 /* Images.xcassets in Resources */ = {isa = PBXBuildFile; fileRef = 04A95A9B2CBE664800D80D46 /* Images.xcassets */; };
		04A95A9D2CBE69AA00D80D46 /* supporter.storekit in Resources */ = {isa = PBXBuildFile; fileRef = 04A95A632CBE613B00D80D46 /* supporter.storekit */; };
		05CC3BFF25A0469AA1A2593F /* Inter-Regular.otf in Resources */ = {isa = PBXBuildFile; fileRef = 0A8B6CABDFB249BDB60A4D03 /* Inter-Regular.otf */; };
		0C80B921A6F3F58F76C31292 /* libPods-Bracedotto.a in Frameworks */ = {isa = PBXBuildFile; fileRef = 5DCACB8F33CDC322A6C60F78 /* libPods-Bracedotto.a */; };
		13B07FBC1A68108700A75B9A /* AppDelegate.mm in Sources */ = {isa = PBXBuildFile; fileRef = 13B07FB01A68108700A75B9A /* AppDelegate.mm */; };
		13B07FBF1A68108700A75B9A /* Images.xcassets in Resources */ = {isa = PBXBuildFile; fileRef = 13B07FB51A68108700A75B9A /* Images.xcassets */; };
		13B07FC11A68108700A75B9A /* main.m in Sources */ = {isa = PBXBuildFile; fileRef = 13B07FB71A68108700A75B9A /* main.m */; };
		25A3D6A0F06D4A70B0FF0C70 /* Inter-BlackItalic.otf in Resources */ = {isa = PBXBuildFile; fileRef = 079BA7ADA4F242D3B75E9E9D /* Inter-BlackItalic.otf */; };
		46FE0C85DFBC427AA093A167 /* Inter-ThinItalic.otf in Resources */ = {isa = PBXBuildFile; fileRef = A3ABC664C2934AAB870AFBE2 /* Inter-ThinItalic.otf */; };
		5AFDD91C000A48768A76ADC9 /* Inter-SemiBoldItalic.otf in Resources */ = {isa = PBXBuildFile; fileRef = DA783A93740842FBB76DF73D /* Inter-SemiBoldItalic.otf */; };
		6C3AE0F4DE1A49C290ED548F /* Inter-ExtraLightItalic.otf in Resources */ = {isa = PBXBuildFile; fileRef = 4CC17237B47647E6B403CA35 /* Inter-ExtraLightItalic.otf */; };
		6D8C7BA8809C4FF383CA0A39 /* Inter-Italic.otf in Resources */ = {isa = PBXBuildFile; fileRef = 93F8772C278F40ECBDBDD92F /* Inter-Italic.otf */; };
		7225DEBBB9784D69B7CD1865 /* Inter-ExtraBold.otf in Resources */ = {isa = PBXBuildFile; fileRef = 5886605ECE4A48A1BC55010D /* Inter-ExtraBold.otf */; };
		7572407C2E1546C8A33B10C9 /* Inter-Medium.otf in Resources */ = {isa = PBXBuildFile; fileRef = D330C2EA25FB4701A8B2CE5E /* Inter-Medium.otf */; };
		7699B88040F8A987B510C191 /* libPods-Bracedotto-BracedottoTests.a in Frameworks */ = {isa = PBXBuildFile; fileRef = 19F6CBCC0A4E27FBF8BF4A61 /* libPods-Bracedotto-BracedottoTests.a */; };
		7A684AE63B164010B70CA729 /* Inter-Light.otf in Resources */ = {isa = PBXBuildFile; fileRef = E75DD888B0EE43FFAB4FDE8E /* Inter-Light.otf */; };
		81AB9BB82411601600AC10FF /* LaunchScreen.storyboard in Resources */ = {isa = PBXBuildFile; fileRef = 81AB9BB72411601600AC10FF /* LaunchScreen.storyboard */; };
		8597D8641CB747EDB4B80192 /* Inter-Black.otf in Resources */ = {isa = PBXBuildFile; fileRef = C43F776B384B4446962B0208 /* Inter-Black.otf */; };
		8E0CCF45227944FB9BE4CD7B /* Inter-LightItalic.otf in Resources */ = {isa = PBXBuildFile; fileRef = BCB88F0B9ECE4C709C45380B /* Inter-LightItalic.otf */; };
		8F3D9597F16A403DB50B06B6 /* Inter-ExtraLight.otf in Resources */ = {isa = PBXBuildFile; fileRef = FB7CD475051C49789247D975 /* Inter-ExtraLight.otf */; };
		A302FEDE4700426B87DF3D86 /* Inter-MediumItalic.otf in Resources */ = {isa = PBXBuildFile; fileRef = 343CE4ABA10245119E917503 /* Inter-MediumItalic.otf */; };
		A7D0FE4495DA4673AA6D8BCA /* Inter-Thin.otf in Resources */ = {isa = PBXBuildFile; fileRef = 3D751FAB2A7447438CBD4CC9 /* Inter-Thin.otf */; };
		BD924CDE6B3CBF0415A44507 /* libPods-Save to Brace.a in Frameworks */ = {isa = PBXBuildFile; fileRef = C9FCD8E27C7519B1F98F0371 /* libPods-Save to Brace.a */; };
		D38DF61A0C5F422BA6C9226E /* Inter-SemiBold.otf in Resources */ = {isa = PBXBuildFile; fileRef = 86B1D5145DE94B8C9FAD5794 /* Inter-SemiBold.otf */; };
		D56F60336B9043FBA748E543 /* Inter-BoldItalic.otf in Resources */ = {isa = PBXBuildFile; fileRef = A3B554710E0A41AF8A254EC0 /* Inter-BoldItalic.otf */; };
		E6E8AE8F3C16491D81FB7BBD /* Inter-Bold.otf in Resources */ = {isa = PBXBuildFile; fileRef = 1FB4C7AE7C114FDE8BA94852 /* Inter-Bold.otf */; };
		F4A0881B6F49412E9216B970 /* Inter-ExtraBoldItalic.otf in Resources */ = {isa = PBXBuildFile; fileRef = 11E40564005F457F80D8CD4C /* Inter-ExtraBoldItalic.otf */; };
/* End PBXBuildFile section */

/* Begin PBXContainerItemProxy section */
		00E356F41AD99517003FC87E /* PBXContainerItemProxy */ = {
			isa = PBXContainerItemProxy;
			containerPortal = 83CBB9F71A601CBA00E9B192 /* Project object */;
			proxyType = 1;
			remoteGlobalIDString = 13B07F861A680F5B00A75B9A;
			remoteInfo = Bracedotto;
		};
		04A95A4E2CBE5E4400D80D46 /* PBXContainerItemProxy */ = {
			isa = PBXContainerItemProxy;
			containerPortal = 83CBB9F71A601CBA00E9B192 /* Project object */;
			proxyType = 1;
			remoteGlobalIDString = 04A95A452CBE5E4300D80D46;
			remoteInfo = "Save to Brace";
		};
/* End PBXContainerItemProxy section */

/* Begin PBXCopyFilesBuildPhase section */
		04A95A552CBE5E4400D80D46 /* Embed Foundation Extensions */ = {
			isa = PBXCopyFilesBuildPhase;
			buildActionMask = 2147483647;
			dstPath = "";
			dstSubfolderSpec = 13;
			files = (
				04A95A502CBE5E4400D80D46 /* Save to Brace.appex in Embed Foundation Extensions */,
			);
			name = "Embed Foundation Extensions";
			runOnlyForDeploymentPostprocessing = 0;
		};
/* End PBXCopyFilesBuildPhase section */

/* Begin PBXFileReference section */
		00E356EE1AD99517003FC87E /* BracedottoTests.xctest */ = {isa = PBXFileReference; explicitFileType = wrapper.cfbundle; includeInIndex = 0; path = BracedottoTests.xctest; sourceTree = BUILT_PRODUCTS_DIR; };
		00E356F11AD99517003FC87E /* Info.plist */ = {isa = PBXFileReference; lastKnownFileType = text.plist.xml; path = Info.plist; sourceTree = "<group>"; };
		00E356F21AD99517003FC87E /* BracedottoTests.m */ = {isa = PBXFileReference; lastKnownFileType = sourcecode.c.objc; path = BracedottoTests.m; sourceTree = "<group>"; };
		04A95A3C2CBE577200D80D46 /* Bracedotto.entitlements */ = {isa = PBXFileReference; lastKnownFileType = text.plist.entitlements; name = Bracedotto.entitlements; path = Bracedotto/Bracedotto.entitlements; sourceTree = "<group>"; };
		04A95A3D2CBE579000D80D46 /* StoreKit.framework */ = {isa = PBXFileReference; lastKnownFileType = wrapper.framework; name = StoreKit.framework; path = System/Library/Frameworks/StoreKit.framework; sourceTree = SDKROOT; };
		04A95A3F2CBE5DB600D80D46 /* Bracedotto-Bridging-Header.h */ = {isa = PBXFileReference; lastKnownFileType = sourcecode.c.h; path = "Bracedotto-Bridging-Header.h"; sourceTree = "<group>"; };
		04A95A402CBE5DB700D80D46 /* Dummy.swift */ = {isa = PBXFileReference; lastKnownFileType = sourcecode.swift; path = Dummy.swift; sourceTree = "<group>"; };
		04A95A462CBE5E4300D80D46 /* Save to Brace.appex */ = {isa = PBXFileReference; explicitFileType = "wrapper.app-extension"; includeInIndex = 0; path = "Save to Brace.appex"; sourceTree = BUILT_PRODUCTS_DIR; };
		04A95A562CBE5E5900D80D46 /* Info.plist */ = {isa = PBXFileReference; lastKnownFileType = text.plist.xml; path = Info.plist; sourceTree = "<group>"; };
		04A95A572CBE5E5900D80D46 /* Base */ = {isa = PBXFileReference; lastKnownFileType = file.storyboard; name = Base; path = Base.lproj/MainInterface.storyboard; sourceTree = "<group>"; };
		04A95A592CBE5E5900D80D46 /* ShareViewController.swift */ = {isa = PBXFileReference; lastKnownFileType = sourcecode.swift; path = ShareViewController.swift; sourceTree = "<group>"; };
		04A95A5E2CBE5E9A00D80D46 /* Save to Brace.entitlements */ = {isa = PBXFileReference; lastKnownFileType = text.plist.entitlements; path = "Save to Brace.entitlements"; sourceTree = "<group>"; };
		04A95A5F2CBE60B200D80D46 /* PrivacyInfo.xcprivacy */ = {isa = PBXFileReference; lastKnownFileType = text.xml; path = PrivacyInfo.xcprivacy; sourceTree = "<group>"; };
		04A95A632CBE613B00D80D46 /* supporter.storekit */ = {isa = PBXFileReference; lastKnownFileType = text; path = supporter.storekit; sourceTree = "<group>"; };
		04A95A652CBE61AB00D80D46 /* bigi.js */ = {isa = PBXFileReference; lastKnownFileType = sourcecode.javascript; path = bigi.js; sourceTree = "<group>"; };
		04A95A662CBE61AB00D80D46 /* BigInt.swift */ = {isa = PBXFileReference; lastKnownFileType = sourcecode.swift; path = BigInt.swift; sourceTree = "<group>"; };
		04A95A672CBE61AB00D80D46 /* bitcoinjs.js */ = {isa = PBXFileReference; lastKnownFileType = sourcecode.javascript; path = bitcoinjs.js; sourceTree = "<group>"; };
		04A95A682CBE61AB00D80D46 /* BitcoinJS.swift */ = {isa = PBXFileReference; lastKnownFileType = sourcecode.swift; path = BitcoinJS.swift; sourceTree = "<group>"; };
		04A95A692CBE61AB00D80D46 /* Blockstack.swift */ = {isa = PBXFileReference; lastKnownFileType = sourcecode.swift; path = Blockstack.swift; sourceTree = "<group>"; };
		04A95A6A2CBE61AB00D80D46 /* Constants.swift */ = {isa = PBXFileReference; lastKnownFileType = sourcecode.swift; path = Constants.swift; sourceTree = "<group>"; };
		04A95A6B2CBE61AB00D80D46 /* DataTypes.swift */ = {isa = PBXFileReference; lastKnownFileType = sourcecode.swift; path = DataTypes.swift; sourceTree = "<group>"; };
		04A95A6C2CBE61AB00D80D46 /* elliptic.js */ = {isa = PBXFileReference; lastKnownFileType = sourcecode.javascript; path = elliptic.js; sourceTree = "<group>"; };
		04A95A6D2CBE61AB00D80D46 /* EllipticJS.swift */ = {isa = PBXFileReference; lastKnownFileType = sourcecode.swift; path = EllipticJS.swift; sourceTree = "<group>"; };
		04A95A6E2CBE61AB00D80D46 /* encryption.js */ = {isa = PBXFileReference; lastKnownFileType = sourcecode.javascript; path = encryption.js; sourceTree = "<group>"; };
		04A95A6F2CBE61AB00D80D46 /* Encryption.swift */ = {isa = PBXFileReference; lastKnownFileType = sourcecode.swift; path = Encryption.swift; sourceTree = "<group>"; };
		04A95A702CBE61AB00D80D46 /* EncryptionJS.swift */ = {isa = PBXFileReference; lastKnownFileType = sourcecode.swift; path = EncryptionJS.swift; sourceTree = "<group>"; };
		04A95A712CBE61AB00D80D46 /* Extensions.swift */ = {isa = PBXFileReference; lastKnownFileType = sourcecode.swift; path = Extensions.swift; sourceTree = "<group>"; };
		04A95A722CBE61AB00D80D46 /* JSONTokensJS.swift */ = {isa = PBXFileReference; lastKnownFileType = sourcecode.swift; path = JSONTokensJS.swift; sourceTree = "<group>"; };
		04A95A732CBE61AB00D80D46 /* Keys.swift */ = {isa = PBXFileReference; lastKnownFileType = sourcecode.swift; path = Keys.swift; sourceTree = "<group>"; };
		04A95A742CBE61AB00D80D46 /* KeysJS.swift */ = {isa = PBXFileReference; lastKnownFileType = sourcecode.swift; path = KeysJS.swift; sourceTree = "<group>"; };
		04A95A852CBE62B800D80D46 /* jsontokens.js */ = {isa = PBXFileReference; lastKnownFileType = sourcecode.javascript; path = jsontokens.js; sourceTree = "<group>"; };
		04A95A862CBE62B800D80D46 /* keys.js */ = {isa = PBXFileReference; lastKnownFileType = sourcecode.javascript; path = keys.js; sourceTree = "<group>"; };
		04A95A9B2CBE664800D80D46 /* Images.xcassets */ = {isa = PBXFileReference; lastKnownFileType = folder.assetcatalog; path = Images.xcassets; sourceTree = "<group>"; };
		079BA7ADA4F242D3B75E9E9D /* Inter-BlackItalic.otf */ = {isa = PBXFileReference; explicitFileType = undefined; fileEncoding = 9; includeInIndex = 0; lastKnownFileType = unknown; name = "Inter-BlackItalic.otf"; path = "../src/fonts/Inter/Inter-BlackItalic.otf"; sourceTree = "<group>"; };
		0A8B6CABDFB249BDB60A4D03 /* Inter-Regular.otf */ = {isa = PBXFileReference; explicitFileType = undefined; fileEncoding = 9; includeInIndex = 0; lastKnownFileType = unknown; name = "Inter-Regular.otf"; path = "../src/fonts/Inter/Inter-Regular.otf"; sourceTree = "<group>"; };
		11E40564005F457F80D8CD4C /* Inter-ExtraBoldItalic.otf */ = {isa = PBXFileReference; explicitFileType = undefined; fileEncoding = 9; includeInIndex = 0; lastKnownFileType = unknown; name = "Inter-ExtraBoldItalic.otf"; path = "../src/fonts/Inter/Inter-ExtraBoldItalic.otf"; sourceTree = "<group>"; };
		13B07F961A680F5B00A75B9A /* Brace.app */ = {isa = PBXFileReference; explicitFileType = wrapper.application; includeInIndex = 0; path = Brace.app; sourceTree = BUILT_PRODUCTS_DIR; };
		13B07FAF1A68108700A75B9A /* AppDelegate.h */ = {isa = PBXFileReference; fileEncoding = 4; lastKnownFileType = sourcecode.c.h; name = AppDelegate.h; path = Bracedotto/AppDelegate.h; sourceTree = "<group>"; };
		13B07FB01A68108700A75B9A /* AppDelegate.mm */ = {isa = PBXFileReference; fileEncoding = 4; lastKnownFileType = sourcecode.cpp.objcpp; name = AppDelegate.mm; path = Bracedotto/AppDelegate.mm; sourceTree = "<group>"; };
		13B07FB51A68108700A75B9A /* Images.xcassets */ = {isa = PBXFileReference; lastKnownFileType = folder.assetcatalog; name = Images.xcassets; path = Bracedotto/Images.xcassets; sourceTree = "<group>"; };
		13B07FB61A68108700A75B9A /* Info.plist */ = {isa = PBXFileReference; fileEncoding = 4; lastKnownFileType = text.plist.xml; name = Info.plist; path = Bracedotto/Info.plist; sourceTree = "<group>"; };
		13B07FB71A68108700A75B9A /* main.m */ = {isa = PBXFileReference; fileEncoding = 4; lastKnownFileType = sourcecode.c.objc; name = main.m; path = Bracedotto/main.m; sourceTree = "<group>"; };
		19F6CBCC0A4E27FBF8BF4A61 /* libPods-Bracedotto-BracedottoTests.a */ = {isa = PBXFileReference; explicitFileType = archive.ar; includeInIndex = 0; path = "libPods-Bracedotto-BracedottoTests.a"; sourceTree = BUILT_PRODUCTS_DIR; };
		1FB4C7AE7C114FDE8BA94852 /* Inter-Bold.otf */ = {isa = PBXFileReference; explicitFileType = undefined; fileEncoding = 9; includeInIndex = 0; lastKnownFileType = unknown; name = "Inter-Bold.otf"; path = "../src/fonts/Inter/Inter-Bold.otf"; sourceTree = "<group>"; };
		343CE4ABA10245119E917503 /* Inter-MediumItalic.otf */ = {isa = PBXFileReference; explicitFileType = undefined; fileEncoding = 9; includeInIndex = 0; lastKnownFileType = unknown; name = "Inter-MediumItalic.otf"; path = "../src/fonts/Inter/Inter-MediumItalic.otf"; sourceTree = "<group>"; };
		3B4392A12AC88292D35C810B /* Pods-Bracedotto.debug.xcconfig */ = {isa = PBXFileReference; includeInIndex = 1; lastKnownFileType = text.xcconfig; name = "Pods-Bracedotto.debug.xcconfig"; path = "Target Support Files/Pods-Bracedotto/Pods-Bracedotto.debug.xcconfig"; sourceTree = "<group>"; };
		3D751FAB2A7447438CBD4CC9 /* Inter-Thin.otf */ = {isa = PBXFileReference; explicitFileType = undefined; fileEncoding = 9; includeInIndex = 0; lastKnownFileType = unknown; name = "Inter-Thin.otf"; path = "../src/fonts/Inter/Inter-Thin.otf"; sourceTree = "<group>"; };
		4CC17237B47647E6B403CA35 /* Inter-ExtraLightItalic.otf */ = {isa = PBXFileReference; explicitFileType = undefined; fileEncoding = 9; includeInIndex = 0; lastKnownFileType = unknown; name = "Inter-ExtraLightItalic.otf"; path = "../src/fonts/Inter/Inter-ExtraLightItalic.otf"; sourceTree = "<group>"; };
		5709B34CF0A7D63546082F79 /* Pods-Bracedotto.release.xcconfig */ = {isa = PBXFileReference; includeInIndex = 1; lastKnownFileType = text.xcconfig; name = "Pods-Bracedotto.release.xcconfig"; path = "Target Support Files/Pods-Bracedotto/Pods-Bracedotto.release.xcconfig"; sourceTree = "<group>"; };
		5886605ECE4A48A1BC55010D /* Inter-ExtraBold.otf */ = {isa = PBXFileReference; explicitFileType = undefined; fileEncoding = 9; includeInIndex = 0; lastKnownFileType = unknown; name = "Inter-ExtraBold.otf"; path = "../src/fonts/Inter/Inter-ExtraBold.otf"; sourceTree = "<group>"; };
		5B7EB9410499542E8C5724F5 /* Pods-Bracedotto-BracedottoTests.debug.xcconfig */ = {isa = PBXFileReference; includeInIndex = 1; lastKnownFileType = text.xcconfig; name = "Pods-Bracedotto-BracedottoTests.debug.xcconfig"; path = "Target Support Files/Pods-Bracedotto-BracedottoTests/Pods-Bracedotto-BracedottoTests.debug.xcconfig"; sourceTree = "<group>"; };
		5DCACB8F33CDC322A6C60F78 /* libPods-Bracedotto.a */ = {isa = PBXFileReference; explicitFileType = archive.ar; includeInIndex = 0; path = "libPods-Bracedotto.a"; sourceTree = BUILT_PRODUCTS_DIR; };
		81AB9BB72411601600AC10FF /* LaunchScreen.storyboard */ = {isa = PBXFileReference; fileEncoding = 4; lastKnownFileType = file.storyboard; name = LaunchScreen.storyboard; path = Bracedotto/LaunchScreen.storyboard; sourceTree = "<group>"; };
		8480FA6F1482F9AFBDFCE0A6 /* Pods-Save to Brace.debug.xcconfig */ = {isa = PBXFileReference; includeInIndex = 1; lastKnownFileType = text.xcconfig; name = "Pods-Save to Brace.debug.xcconfig"; path = "Target Support Files/Pods-Save to Brace/Pods-Save to Brace.debug.xcconfig"; sourceTree = "<group>"; };
		86B1D5145DE94B8C9FAD5794 /* Inter-SemiBold.otf */ = {isa = PBXFileReference; explicitFileType = undefined; fileEncoding = 9; includeInIndex = 0; lastKnownFileType = unknown; name = "Inter-SemiBold.otf"; path = "../src/fonts/Inter/Inter-SemiBold.otf"; sourceTree = "<group>"; };
		89C6BE57DB24E9ADA2F236DE /* Pods-Bracedotto-BracedottoTests.release.xcconfig */ = {isa = PBXFileReference; includeInIndex = 1; lastKnownFileType = text.xcconfig; name = "Pods-Bracedotto-BracedottoTests.release.xcconfig"; path = "Target Support Files/Pods-Bracedotto-BracedottoTests/Pods-Bracedotto-BracedottoTests.release.xcconfig"; sourceTree = "<group>"; };
		93F8772C278F40ECBDBDD92F /* Inter-Italic.otf */ = {isa = PBXFileReference; explicitFileType = undefined; fileEncoding = 9; includeInIndex = 0; lastKnownFileType = unknown; name = "Inter-Italic.otf"; path = "../src/fonts/Inter/Inter-Italic.otf"; sourceTree = "<group>"; };
		A3ABC664C2934AAB870AFBE2 /* Inter-ThinItalic.otf */ = {isa = PBXFileReference; explicitFileType = undefined; fileEncoding = 9; includeInIndex = 0; lastKnownFileType = unknown; name = "Inter-ThinItalic.otf"; path = "../src/fonts/Inter/Inter-ThinItalic.otf"; sourceTree = "<group>"; };
		A3B554710E0A41AF8A254EC0 /* Inter-BoldItalic.otf */ = {isa = PBXFileReference; explicitFileType = undefined; fileEncoding = 9; includeInIndex = 0; lastKnownFileType = unknown; name = "Inter-BoldItalic.otf"; path = "../src/fonts/Inter/Inter-BoldItalic.otf"; sourceTree = "<group>"; };
		B16EC90B1401C82F0B122BE9 /* Pods-Save to Brace.release.xcconfig */ = {isa = PBXFileReference; includeInIndex = 1; lastKnownFileType = text.xcconfig; name = "Pods-Save to Brace.release.xcconfig"; path = "Target Support Files/Pods-Save to Brace/Pods-Save to Brace.release.xcconfig"; sourceTree = "<group>"; };
		BCB88F0B9ECE4C709C45380B /* Inter-LightItalic.otf */ = {isa = PBXFileReference; explicitFileType = undefined; fileEncoding = 9; includeInIndex = 0; lastKnownFileType = unknown; name = "Inter-LightItalic.otf"; path = "../src/fonts/Inter/Inter-LightItalic.otf"; sourceTree = "<group>"; };
		C43F776B384B4446962B0208 /* Inter-Black.otf */ = {isa = PBXFileReference; explicitFileType = undefined; fileEncoding = 9; includeInIndex = 0; lastKnownFileType = unknown; name = "Inter-Black.otf"; path = "../src/fonts/Inter/Inter-Black.otf"; sourceTree = "<group>"; };
		C9FCD8E27C7519B1F98F0371 /* libPods-Save to Brace.a */ = {isa = PBXFileReference; explicitFileType = archive.ar; includeInIndex = 0; path = "libPods-Save to Brace.a"; sourceTree = BUILT_PRODUCTS_DIR; };
		D330C2EA25FB4701A8B2CE5E /* Inter-Medium.otf */ = {isa = PBXFileReference; explicitFileType = undefined; fileEncoding = 9; includeInIndex = 0; lastKnownFileType = unknown; name = "Inter-Medium.otf"; path = "../src/fonts/Inter/Inter-Medium.otf"; sourceTree = "<group>"; };
		DA783A93740842FBB76DF73D /* Inter-SemiBoldItalic.otf */ = {isa = PBXFileReference; explicitFileType = undefined; fileEncoding = 9; includeInIndex = 0; lastKnownFileType = unknown; name = "Inter-SemiBoldItalic.otf"; path = "../src/fonts/Inter/Inter-SemiBoldItalic.otf"; sourceTree = "<group>"; };
		E75DD888B0EE43FFAB4FDE8E /* Inter-Light.otf */ = {isa = PBXFileReference; explicitFileType = undefined; fileEncoding = 9; includeInIndex = 0; lastKnownFileType = unknown; name = "Inter-Light.otf"; path = "../src/fonts/Inter/Inter-Light.otf"; sourceTree = "<group>"; };
		ED297162215061F000B7C4FE /* JavaScriptCore.framework */ = {isa = PBXFileReference; lastKnownFileType = wrapper.framework; name = JavaScriptCore.framework; path = System/Library/Frameworks/JavaScriptCore.framework; sourceTree = SDKROOT; };
		FB7CD475051C49789247D975 /* Inter-ExtraLight.otf */ = {isa = PBXFileReference; explicitFileType = undefined; fileEncoding = 9; includeInIndex = 0; lastKnownFileType = unknown; name = "Inter-ExtraLight.otf"; path = "../src/fonts/Inter/Inter-ExtraLight.otf"; sourceTree = "<group>"; };
/* End PBXFileReference section */

/* Begin PBXFrameworksBuildPhase section */
		00E356EB1AD99517003FC87E /* Frameworks */ = {
			isa = PBXFrameworksBuildPhase;
			buildActionMask = 2147483647;
			files = (
				7699B88040F8A987B510C191 /* libPods-Bracedotto-BracedottoTests.a in Frameworks */,
			);
			runOnlyForDeploymentPostprocessing = 0;
		};
		04A95A432CBE5E4300D80D46 /* Frameworks */ = {
			isa = PBXFrameworksBuildPhase;
			buildActionMask = 2147483647;
			files = (
				BD924CDE6B3CBF0415A44507 /* libPods-Save to Brace.a in Frameworks */,
			);
			runOnlyForDeploymentPostprocessing = 0;
		};
		13B07F8C1A680F5B00A75B9A /* Frameworks */ = {
			isa = PBXFrameworksBuildPhase;
			buildActionMask = 2147483647;
			files = (
				0C80B921A6F3F58F76C31292 /* libPods-Bracedotto.a in Frameworks */,
				04A95A3E2CBE579000D80D46 /* StoreKit.framework in Frameworks */,
			);
			runOnlyForDeploymentPostprocessing = 0;
		};
/* End PBXFrameworksBuildPhase section */

/* Begin PBXGroup section */
		00E356EF1AD99517003FC87E /* BracedottoTests */ = {
			isa = PBXGroup;
			children = (
				00E356F21AD99517003FC87E /* BracedottoTests.m */,
				00E356F01AD99517003FC87E /* Supporting Files */,
			);
			path = BracedottoTests;
			sourceTree = "<group>";
		};
		00E356F01AD99517003FC87E /* Supporting Files */ = {
			isa = PBXGroup;
			children = (
				00E356F11AD99517003FC87E /* Info.plist */,
			);
			name = "Supporting Files";
			sourceTree = "<group>";
		};
		04A95A5A2CBE5E5900D80D46 /* Save to Brace */ = {
			isa = PBXGroup;
			children = (
				04A95A5E2CBE5E9A00D80D46 /* Save to Brace.entitlements */,
				04A95A592CBE5E5900D80D46 /* ShareViewController.swift */,
				04A95A582CBE5E5900D80D46 /* MainInterface.storyboard */,
				04A95A9B2CBE664800D80D46 /* Images.xcassets */,
				04A95A562CBE5E5900D80D46 /* Info.plist */,
				04A95A692CBE61AB00D80D46 /* Blockstack.swift */,
				04A95A6F2CBE61AB00D80D46 /* Encryption.swift */,
				04A95A732CBE61AB00D80D46 /* Keys.swift */,
				04A95A662CBE61AB00D80D46 /* BigInt.swift */,
				04A95A712CBE61AB00D80D46 /* Extensions.swift */,
				04A95A6B2CBE61AB00D80D46 /* DataTypes.swift */,
				04A95A6A2CBE61AB00D80D46 /* Constants.swift */,
				04A95A682CBE61AB00D80D46 /* BitcoinJS.swift */,
				04A95A742CBE61AB00D80D46 /* KeysJS.swift */,
				04A95A6D2CBE61AB00D80D46 /* EllipticJS.swift */,
				04A95A702CBE61AB00D80D46 /* EncryptionJS.swift */,
				04A95A722CBE61AB00D80D46 /* JSONTokensJS.swift */,
				04A95A672CBE61AB00D80D46 /* bitcoinjs.js */,
				04A95A652CBE61AB00D80D46 /* bigi.js */,
				04A95A862CBE62B800D80D46 /* keys.js */,
				04A95A6C2CBE61AB00D80D46 /* elliptic.js */,
				04A95A6E2CBE61AB00D80D46 /* encryption.js */,
				04A95A852CBE62B800D80D46 /* jsontokens.js */,
			);
			path = "Save to Brace";
			sourceTree = "<group>";
		};
		13B07FAE1A68108700A75B9A /* Bracedotto */ = {
			isa = PBXGroup;
			children = (
				04A95A3C2CBE577200D80D46 /* Bracedotto.entitlements */,
				13B07FAF1A68108700A75B9A /* AppDelegate.h */,
				13B07FB01A68108700A75B9A /* AppDelegate.mm */,
				13B07FB51A68108700A75B9A /* Images.xcassets */,
				13B07FB61A68108700A75B9A /* Info.plist */,
				81AB9BB72411601600AC10FF /* LaunchScreen.storyboard */,
				13B07FB71A68108700A75B9A /* main.m */,
			);
			name = Bracedotto;
			sourceTree = "<group>";
		};
		2D16E6871FA4F8E400B85C8A /* Frameworks */ = {
			isa = PBXGroup;
			children = (
				04A95A3D2CBE579000D80D46 /* StoreKit.framework */,
				ED297162215061F000B7C4FE /* JavaScriptCore.framework */,
				5DCACB8F33CDC322A6C60F78 /* libPods-Bracedotto.a */,
				19F6CBCC0A4E27FBF8BF4A61 /* libPods-Bracedotto-BracedottoTests.a */,
				C9FCD8E27C7519B1F98F0371 /* libPods-Save to Brace.a */,
			);
			name = Frameworks;
			sourceTree = "<group>";
		};
		832341AE1AAA6A7D00B99B32 /* Libraries */ = {
			isa = PBXGroup;
			children = (
			);
			name = Libraries;
			sourceTree = "<group>";
		};
		83CBB9F61A601CBA00E9B192 = {
			isa = PBXGroup;
			children = (
				13B07FAE1A68108700A75B9A /* Bracedotto */,
				832341AE1AAA6A7D00B99B32 /* Libraries */,
				00E356EF1AD99517003FC87E /* BracedottoTests */,
				04A95A5A2CBE5E5900D80D46 /* Save to Brace */,
				83CBBA001A601CBA00E9B192 /* Products */,
				2D16E6871FA4F8E400B85C8A /* Frameworks */,
				BBD78D7AC51CEA395F1C20DB /* Pods */,
				ED66915D6A1B4DF7BAED4CCF /* Resources */,
				04A95A402CBE5DB700D80D46 /* Dummy.swift */,
				04A95A3F2CBE5DB600D80D46 /* Bracedotto-Bridging-Header.h */,
				04A95A632CBE613B00D80D46 /* supporter.storekit */,
				04A95A5F2CBE60B200D80D46 /* PrivacyInfo.xcprivacy */,
			);
			indentWidth = 2;
			sourceTree = "<group>";
			tabWidth = 2;
			usesTabs = 0;
		};
		83CBBA001A601CBA00E9B192 /* Products */ = {
			isa = PBXGroup;
			children = (
				13B07F961A680F5B00A75B9A /* Brace.app */,
				00E356EE1AD99517003FC87E /* BracedottoTests.xctest */,
				04A95A462CBE5E4300D80D46 /* Save to Brace.appex */,
			);
			name = Products;
			sourceTree = "<group>";
		};
		BBD78D7AC51CEA395F1C20DB /* Pods */ = {
			isa = PBXGroup;
			children = (
				3B4392A12AC88292D35C810B /* Pods-Bracedotto.debug.xcconfig */,
				5709B34CF0A7D63546082F79 /* Pods-Bracedotto.release.xcconfig */,
				5B7EB9410499542E8C5724F5 /* Pods-Bracedotto-BracedottoTests.debug.xcconfig */,
				89C6BE57DB24E9ADA2F236DE /* Pods-Bracedotto-BracedottoTests.release.xcconfig */,
				8480FA6F1482F9AFBDFCE0A6 /* Pods-Save to Brace.debug.xcconfig */,
				B16EC90B1401C82F0B122BE9 /* Pods-Save to Brace.release.xcconfig */,
			);
			path = Pods;
			sourceTree = "<group>";
		};
		ED66915D6A1B4DF7BAED4CCF /* Resources */ = {
			isa = PBXGroup;
			children = (
				C43F776B384B4446962B0208 /* Inter-Black.otf */,
				079BA7ADA4F242D3B75E9E9D /* Inter-BlackItalic.otf */,
				1FB4C7AE7C114FDE8BA94852 /* Inter-Bold.otf */,
				A3B554710E0A41AF8A254EC0 /* Inter-BoldItalic.otf */,
				5886605ECE4A48A1BC55010D /* Inter-ExtraBold.otf */,
				11E40564005F457F80D8CD4C /* Inter-ExtraBoldItalic.otf */,
				FB7CD475051C49789247D975 /* Inter-ExtraLight.otf */,
				4CC17237B47647E6B403CA35 /* Inter-ExtraLightItalic.otf */,
				93F8772C278F40ECBDBDD92F /* Inter-Italic.otf */,
				E75DD888B0EE43FFAB4FDE8E /* Inter-Light.otf */,
				BCB88F0B9ECE4C709C45380B /* Inter-LightItalic.otf */,
				D330C2EA25FB4701A8B2CE5E /* Inter-Medium.otf */,
				343CE4ABA10245119E917503 /* Inter-MediumItalic.otf */,
				0A8B6CABDFB249BDB60A4D03 /* Inter-Regular.otf */,
				86B1D5145DE94B8C9FAD5794 /* Inter-SemiBold.otf */,
				DA783A93740842FBB76DF73D /* Inter-SemiBoldItalic.otf */,
				3D751FAB2A7447438CBD4CC9 /* Inter-Thin.otf */,
				A3ABC664C2934AAB870AFBE2 /* Inter-ThinItalic.otf */,
			);
			name = Resources;
			sourceTree = "<group>";
		};
/* End PBXGroup section */

/* Begin PBXNativeTarget section */
		00E356ED1AD99517003FC87E /* BracedottoTests */ = {
			isa = PBXNativeTarget;
			buildConfigurationList = 00E357021AD99517003FC87E /* Build configuration list for PBXNativeTarget "BracedottoTests" */;
			buildPhases = (
				A55EABD7B0C7F3A422A6CC61 /* [CP] Check Pods Manifest.lock */,
				00E356EA1AD99517003FC87E /* Sources */,
				00E356EB1AD99517003FC87E /* Frameworks */,
				00E356EC1AD99517003FC87E /* Resources */,
				C59DA0FBD6956966B86A3779 /* [CP] Embed Pods Frameworks */,
				F6A41C54EA430FDDC6A6ED99 /* [CP] Copy Pods Resources */,
			);
			buildRules = (
			);
			dependencies = (
				00E356F51AD99517003FC87E /* PBXTargetDependency */,
			);
			name = BracedottoTests;
			productName = BracedottoTests;
			productReference = 00E356EE1AD99517003FC87E /* BracedottoTests.xctest */;
			productType = "com.apple.product-type.bundle.unit-test";
		};
		04A95A452CBE5E4300D80D46 /* Save to Brace */ = {
			isa = PBXNativeTarget;
			buildConfigurationList = 04A95A522CBE5E4400D80D46 /* Build configuration list for PBXNativeTarget "Save to Brace" */;
			buildPhases = (
				B91BED1A93E9D343E1775774 /* [CP] Check Pods Manifest.lock */,
				04A95A422CBE5E4300D80D46 /* Sources */,
				04A95A432CBE5E4300D80D46 /* Frameworks */,
				04A95A442CBE5E4300D80D46 /* Resources */,
			);
			buildRules = (
			);
			dependencies = (
			);
			name = "Save to Brace";
			productName = "Save to Brace";
			productReference = 04A95A462CBE5E4300D80D46 /* Save to Brace.appex */;
			productType = "com.apple.product-type.app-extension";
		};
		13B07F861A680F5B00A75B9A /* Bracedotto */ = {
			isa = PBXNativeTarget;
			buildConfigurationList = 13B07F931A680F5B00A75B9A /* Build configuration list for PBXNativeTarget "Bracedotto" */;
			buildPhases = (
				C38B50BA6285516D6DCD4F65 /* [CP] Check Pods Manifest.lock */,
				13B07F871A680F5B00A75B9A /* Sources */,
				13B07F8C1A680F5B00A75B9A /* Frameworks */,
				13B07F8E1A680F5B00A75B9A /* Resources */,
				00DD1BFF1BD5951E006B06BC /* Bundle React Native code and images */,
				00EEFC60759A1932668264C0 /* [CP] Embed Pods Frameworks */,
				E235C05ADACE081382539298 /* [CP] Copy Pods Resources */,
				04A95A552CBE5E4400D80D46 /* Embed Foundation Extensions */,
			);
			buildRules = (
			);
			dependencies = (
				04A95A4F2CBE5E4400D80D46 /* PBXTargetDependency */,
			);
			name = Bracedotto;
			productName = Bracedotto;
			productReference = 13B07F961A680F5B00A75B9A /* Brace.app */;
			productType = "com.apple.product-type.application";
		};
/* End PBXNativeTarget section */

/* Begin PBXProject section */
		83CBB9F71A601CBA00E9B192 /* Project object */ = {
			isa = PBXProject;
			attributes = {
				LastSwiftUpdateCheck = 1600;
				LastUpgradeCheck = 1210;
				TargetAttributes = {
					00E356ED1AD99517003FC87E = {
						CreatedOnToolsVersion = 6.2;
						TestTargetID = 13B07F861A680F5B00A75B9A;
					};
					04A95A452CBE5E4300D80D46 = {
						CreatedOnToolsVersion = 16.0;
					};
					13B07F861A680F5B00A75B9A = {
						LastSwiftMigration = 1600;
					};
				};
			};
			buildConfigurationList = 83CBB9FA1A601CBA00E9B192 /* Build configuration list for PBXProject "Bracedotto" */;
			compatibilityVersion = "Xcode 12.0";
			developmentRegion = en;
			hasScannedForEncodings = 0;
			knownRegions = (
				en,
				Base,
			);
			mainGroup = 83CBB9F61A601CBA00E9B192;
			productRefGroup = 83CBBA001A601CBA00E9B192 /* Products */;
			projectDirPath = "";
			projectRoot = "";
			targets = (
				13B07F861A680F5B00A75B9A /* Bracedotto */,
				00E356ED1AD99517003FC87E /* BracedottoTests */,
				04A95A452CBE5E4300D80D46 /* Save to Brace */,
			);
		};
/* End PBXProject section */

/* Begin PBXResourcesBuildPhase section */
		00E356EC1AD99517003FC87E /* Resources */ = {
			isa = PBXResourcesBuildPhase;
			buildActionMask = 2147483647;
			files = (
			);
			runOnlyForDeploymentPostprocessing = 0;
		};
		04A95A442CBE5E4300D80D46 /* Resources */ = {
			isa = PBXResourcesBuildPhase;
			buildActionMask = 2147483647;
			files = (
				04A95A612CBE60B200D80D46 /* PrivacyInfo.xcprivacy in Resources */,
				04A95A5C2CBE5E5900D80D46 /* MainInterface.storyboard in Resources */,
				04A95A812CBE61AB00D80D46 /* bitcoinjs.js in Resources */,
				04A95A822CBE61AB00D80D46 /* bigi.js in Resources */,
				04A95A892CBE62EA00D80D46 /* Inter-SemiBold.otf in Resources */,
				04A95A8A2CBE62EA00D80D46 /* Inter-MediumItalic.otf in Resources */,
				04A95A8B2CBE62EA00D80D46 /* Inter-ExtraLight.otf in Resources */,
				04A95A8C2CBE62EA00D80D46 /* Inter-Thin.otf in Resources */,
				04A95A8D2CBE62EA00D80D46 /* Inter-Italic.otf in Resources */,
				04A95A9C2CBE664800D80D46 /* Images.xcassets in Resources */,
				04A95A8E2CBE62EA00D80D46 /* Inter-ThinItalic.otf in Resources */,
				04A95A8F2CBE62EA00D80D46 /* Inter-Regular.otf in Resources */,
				04A95A902CBE62EA00D80D46 /* Inter-Medium.otf in Resources */,
				04A95A912CBE62EA00D80D46 /* Inter-ExtraBold.otf in Resources */,
				04A95A922CBE62EA00D80D46 /* Inter-Bold.otf in Resources */,
				04A95A932CBE62EA00D80D46 /* Inter-Light.otf in Resources */,
				04A95A942CBE62EA00D80D46 /* Inter-Black.otf in Resources */,
				04A95A952CBE62EA00D80D46 /* Inter-BoldItalic.otf in Resources */,
				04A95A962CBE62EA00D80D46 /* Inter-SemiBoldItalic.otf in Resources */,
				04A95A972CBE62EA00D80D46 /* Inter-LightItalic.otf in Resources */,
				04A95A982CBE62EA00D80D46 /* Inter-ExtraBoldItalic.otf in Resources */,
				04A95A992CBE62EA00D80D46 /* Inter-BlackItalic.otf in Resources */,
				04A95A9A2CBE62EA00D80D46 /* Inter-ExtraLightItalic.otf in Resources */,
				04A95A832CBE61AB00D80D46 /* encryption.js in Resources */,
				04A95A872CBE62B800D80D46 /* keys.js in Resources */,
				04A95A882CBE62B800D80D46 /* jsontokens.js in Resources */,
				04A95A842CBE61AB00D80D46 /* elliptic.js in Resources */,
			);
			runOnlyForDeploymentPostprocessing = 0;
		};
		13B07F8E1A680F5B00A75B9A /* Resources */ = {
			isa = PBXResourcesBuildPhase;
			buildActionMask = 2147483647;
			files = (
				81AB9BB82411601600AC10FF /* LaunchScreen.storyboard in Resources */,
				04A95A9D2CBE69AA00D80D46 /* supporter.storekit in Resources */,
				13B07FBF1A68108700A75B9A /* Images.xcassets in Resources */,
				8597D8641CB747EDB4B80192 /* Inter-Black.otf in Resources */,
				25A3D6A0F06D4A70B0FF0C70 /* Inter-BlackItalic.otf in Resources */,
				E6E8AE8F3C16491D81FB7BBD /* Inter-Bold.otf in Resources */,
				D56F60336B9043FBA748E543 /* Inter-BoldItalic.otf in Resources */,
				7225DEBBB9784D69B7CD1865 /* Inter-ExtraBold.otf in Resources */,
				F4A0881B6F49412E9216B970 /* Inter-ExtraBoldItalic.otf in Resources */,
				8F3D9597F16A403DB50B06B6 /* Inter-ExtraLight.otf in Resources */,
				6C3AE0F4DE1A49C290ED548F /* Inter-ExtraLightItalic.otf in Resources */,
				6D8C7BA8809C4FF383CA0A39 /* Inter-Italic.otf in Resources */,
				7A684AE63B164010B70CA729 /* Inter-Light.otf in Resources */,
				8E0CCF45227944FB9BE4CD7B /* Inter-LightItalic.otf in Resources */,
				7572407C2E1546C8A33B10C9 /* Inter-Medium.otf in Resources */,
				A302FEDE4700426B87DF3D86 /* Inter-MediumItalic.otf in Resources */,
				04A95A602CBE60B200D80D46 /* PrivacyInfo.xcprivacy in Resources */,
				05CC3BFF25A0469AA1A2593F /* Inter-Regular.otf in Resources */,
				D38DF61A0C5F422BA6C9226E /* Inter-SemiBold.otf in Resources */,
				5AFDD91C000A48768A76ADC9 /* Inter-SemiBoldItalic.otf in Resources */,
				A7D0FE4495DA4673AA6D8BCA /* Inter-Thin.otf in Resources */,
				46FE0C85DFBC427AA093A167 /* Inter-ThinItalic.otf in Resources */,
			);
			runOnlyForDeploymentPostprocessing = 0;
		};
/* End PBXResourcesBuildPhase section */

/* Begin PBXShellScriptBuildPhase section */
		00DD1BFF1BD5951E006B06BC /* Bundle React Native code and images */ = {
			isa = PBXShellScriptBuildPhase;
			buildActionMask = 2147483647;
			files = (
			);
			inputPaths = (
				"$(SRCROOT)/.xcode.env.local",
				"$(SRCROOT)/.xcode.env",
			);
			name = "Bundle React Native code and images";
			outputPaths = (
			);
			runOnlyForDeploymentPostprocessing = 0;
			shellPath = /bin/sh;
			shellScript = "set -e\n\nWITH_ENVIRONMENT=\"$REACT_NATIVE_PATH/scripts/xcode/with-environment.sh\"\nREACT_NATIVE_XCODE=\"$REACT_NATIVE_PATH/scripts/react-native-xcode.sh\"\n\n/bin/sh -c \"$WITH_ENVIRONMENT $REACT_NATIVE_XCODE\"\n";
		};
		00EEFC60759A1932668264C0 /* [CP] Embed Pods Frameworks */ = {
			isa = PBXShellScriptBuildPhase;
			buildActionMask = 2147483647;
			files = (
			);
			inputFileListPaths = (
				"${PODS_ROOT}/Target Support Files/Pods-Bracedotto/Pods-Bracedotto-frameworks-${CONFIGURATION}-input-files.xcfilelist",
			);
			name = "[CP] Embed Pods Frameworks";
			outputFileListPaths = (
				"${PODS_ROOT}/Target Support Files/Pods-Bracedotto/Pods-Bracedotto-frameworks-${CONFIGURATION}-output-files.xcfilelist",
			);
			runOnlyForDeploymentPostprocessing = 0;
			shellPath = /bin/sh;
			shellScript = "\"${PODS_ROOT}/Target Support Files/Pods-Bracedotto/Pods-Bracedotto-frameworks.sh\"\n";
			showEnvVarsInLog = 0;
		};
		A55EABD7B0C7F3A422A6CC61 /* [CP] Check Pods Manifest.lock */ = {
			isa = PBXShellScriptBuildPhase;
			buildActionMask = 2147483647;
			files = (
			);
			inputFileListPaths = (
			);
			inputPaths = (
				"${PODS_PODFILE_DIR_PATH}/Podfile.lock",
				"${PODS_ROOT}/Manifest.lock",
			);
			name = "[CP] Check Pods Manifest.lock";
			outputFileListPaths = (
			);
			outputPaths = (
				"$(DERIVED_FILE_DIR)/Pods-Bracedotto-BracedottoTests-checkManifestLockResult.txt",
			);
			runOnlyForDeploymentPostprocessing = 0;
			shellPath = /bin/sh;
			shellScript = "diff \"${PODS_PODFILE_DIR_PATH}/Podfile.lock\" \"${PODS_ROOT}/Manifest.lock\" > /dev/null\nif [ $? != 0 ] ; then\n    # print error to STDERR\n    echo \"error: The sandbox is not in sync with the Podfile.lock. Run 'pod install' or update your CocoaPods installation.\" >&2\n    exit 1\nfi\n# This output is used by Xcode 'outputs' to avoid re-running this script phase.\necho \"SUCCESS\" > \"${SCRIPT_OUTPUT_FILE_0}\"\n";
			showEnvVarsInLog = 0;
		};
		B91BED1A93E9D343E1775774 /* [CP] Check Pods Manifest.lock */ = {
			isa = PBXShellScriptBuildPhase;
			buildActionMask = 2147483647;
			files = (
			);
			inputFileListPaths = (
			);
			inputPaths = (
				"${PODS_PODFILE_DIR_PATH}/Podfile.lock",
				"${PODS_ROOT}/Manifest.lock",
			);
			name = "[CP] Check Pods Manifest.lock";
			outputFileListPaths = (
			);
			outputPaths = (
				"$(DERIVED_FILE_DIR)/Pods-Save to Brace-checkManifestLockResult.txt",
			);
			runOnlyForDeploymentPostprocessing = 0;
			shellPath = /bin/sh;
			shellScript = "diff \"${PODS_PODFILE_DIR_PATH}/Podfile.lock\" \"${PODS_ROOT}/Manifest.lock\" > /dev/null\nif [ $? != 0 ] ; then\n    # print error to STDERR\n    echo \"error: The sandbox is not in sync with the Podfile.lock. Run 'pod install' or update your CocoaPods installation.\" >&2\n    exit 1\nfi\n# This output is used by Xcode 'outputs' to avoid re-running this script phase.\necho \"SUCCESS\" > \"${SCRIPT_OUTPUT_FILE_0}\"\n";
			showEnvVarsInLog = 0;
		};
		C38B50BA6285516D6DCD4F65 /* [CP] Check Pods Manifest.lock */ = {
			isa = PBXShellScriptBuildPhase;
			buildActionMask = 2147483647;
			files = (
			);
			inputFileListPaths = (
			);
			inputPaths = (
				"${PODS_PODFILE_DIR_PATH}/Podfile.lock",
				"${PODS_ROOT}/Manifest.lock",
			);
			name = "[CP] Check Pods Manifest.lock";
			outputFileListPaths = (
			);
			outputPaths = (
				"$(DERIVED_FILE_DIR)/Pods-Bracedotto-checkManifestLockResult.txt",
			);
			runOnlyForDeploymentPostprocessing = 0;
			shellPath = /bin/sh;
			shellScript = "diff \"${PODS_PODFILE_DIR_PATH}/Podfile.lock\" \"${PODS_ROOT}/Manifest.lock\" > /dev/null\nif [ $? != 0 ] ; then\n    # print error to STDERR\n    echo \"error: The sandbox is not in sync with the Podfile.lock. Run 'pod install' or update your CocoaPods installation.\" >&2\n    exit 1\nfi\n# This output is used by Xcode 'outputs' to avoid re-running this script phase.\necho \"SUCCESS\" > \"${SCRIPT_OUTPUT_FILE_0}\"\n";
			showEnvVarsInLog = 0;
		};
		C59DA0FBD6956966B86A3779 /* [CP] Embed Pods Frameworks */ = {
			isa = PBXShellScriptBuildPhase;
			buildActionMask = 2147483647;
			files = (
			);
			inputFileListPaths = (
				"${PODS_ROOT}/Target Support Files/Pods-Bracedotto-BracedottoTests/Pods-Bracedotto-BracedottoTests-frameworks-${CONFIGURATION}-input-files.xcfilelist",
			);
			name = "[CP] Embed Pods Frameworks";
			outputFileListPaths = (
				"${PODS_ROOT}/Target Support Files/Pods-Bracedotto-BracedottoTests/Pods-Bracedotto-BracedottoTests-frameworks-${CONFIGURATION}-output-files.xcfilelist",
			);
			runOnlyForDeploymentPostprocessing = 0;
			shellPath = /bin/sh;
			shellScript = "\"${PODS_ROOT}/Target Support Files/Pods-Bracedotto-BracedottoTests/Pods-Bracedotto-BracedottoTests-frameworks.sh\"\n";
			showEnvVarsInLog = 0;
		};
		E235C05ADACE081382539298 /* [CP] Copy Pods Resources */ = {
			isa = PBXShellScriptBuildPhase;
			buildActionMask = 2147483647;
			files = (
			);
			inputFileListPaths = (
				"${PODS_ROOT}/Target Support Files/Pods-Bracedotto/Pods-Bracedotto-resources-${CONFIGURATION}-input-files.xcfilelist",
			);
			name = "[CP] Copy Pods Resources";
			outputFileListPaths = (
				"${PODS_ROOT}/Target Support Files/Pods-Bracedotto/Pods-Bracedotto-resources-${CONFIGURATION}-output-files.xcfilelist",
			);
			runOnlyForDeploymentPostprocessing = 0;
			shellPath = /bin/sh;
			shellScript = "\"${PODS_ROOT}/Target Support Files/Pods-Bracedotto/Pods-Bracedotto-resources.sh\"\n";
			showEnvVarsInLog = 0;
		};
		F6A41C54EA430FDDC6A6ED99 /* [CP] Copy Pods Resources */ = {
			isa = PBXShellScriptBuildPhase;
			buildActionMask = 2147483647;
			files = (
			);
			inputFileListPaths = (
				"${PODS_ROOT}/Target Support Files/Pods-Bracedotto-BracedottoTests/Pods-Bracedotto-BracedottoTests-resources-${CONFIGURATION}-input-files.xcfilelist",
			);
			name = "[CP] Copy Pods Resources";
			outputFileListPaths = (
				"${PODS_ROOT}/Target Support Files/Pods-Bracedotto-BracedottoTests/Pods-Bracedotto-BracedottoTests-resources-${CONFIGURATION}-output-files.xcfilelist",
			);
			runOnlyForDeploymentPostprocessing = 0;
			shellPath = /bin/sh;
			shellScript = "\"${PODS_ROOT}/Target Support Files/Pods-Bracedotto-BracedottoTests/Pods-Bracedotto-BracedottoTests-resources.sh\"\n";
			showEnvVarsInLog = 0;
		};
/* End PBXShellScriptBuildPhase section */

/* Begin PBXSourcesBuildPhase section */
		00E356EA1AD99517003FC87E /* Sources */ = {
			isa = PBXSourcesBuildPhase;
			buildActionMask = 2147483647;
			files = (
				00E356F31AD99517003FC87E /* BracedottoTests.m in Sources */,
			);
			runOnlyForDeploymentPostprocessing = 0;
		};
		04A95A422CBE5E4300D80D46 /* Sources */ = {
			isa = PBXSourcesBuildPhase;
			buildActionMask = 2147483647;
			files = (
				04A95A752CBE61AB00D80D46 /* KeysJS.swift in Sources */,
				04A95A762CBE61AB00D80D46 /* Encryption.swift in Sources */,
				04A95A772CBE61AB00D80D46 /* Blockstack.swift in Sources */,
				04A95A782CBE61AB00D80D46 /* Constants.swift in Sources */,
				04A95A792CBE61AB00D80D46 /* Extensions.swift in Sources */,
				04A95A7A2CBE61AB00D80D46 /* EncryptionJS.swift in Sources */,
				04A95A7B2CBE61AB00D80D46 /* Keys.swift in Sources */,
				04A95A7C2CBE61AB00D80D46 /* JSONTokensJS.swift in Sources */,
				04A95A7D2CBE61AB00D80D46 /* BitcoinJS.swift in Sources */,
				04A95A7E2CBE61AB00D80D46 /* BigInt.swift in Sources */,
				04A95A7F2CBE61AB00D80D46 /* EllipticJS.swift in Sources */,
				04A95A802CBE61AB00D80D46 /* DataTypes.swift in Sources */,
				04A95A622CBE60E400D80D46 /* Dummy.swift in Sources */,
				04A95A5D2CBE5E5900D80D46 /* ShareViewController.swift in Sources */,
			);
			runOnlyForDeploymentPostprocessing = 0;
		};
		13B07F871A680F5B00A75B9A /* Sources */ = {
			isa = PBXSourcesBuildPhase;
			buildActionMask = 2147483647;
			files = (
				13B07FBC1A68108700A75B9A /* AppDelegate.mm in Sources */,
				04A95A412CBE5DB700D80D46 /* Dummy.swift in Sources */,
				13B07FC11A68108700A75B9A /* main.m in Sources */,
			);
			runOnlyForDeploymentPostprocessing = 0;
		};
/* End PBXSourcesBuildPhase section */

/* Begin PBXTargetDependency section */
		00E356F51AD99517003FC87E /* PBXTargetDependency */ = {
			isa = PBXTargetDependency;
			target = 13B07F861A680F5B00A75B9A /* Bracedotto */;
			targetProxy = 00E356F41AD99517003FC87E /* PBXContainerItemProxy */;
		};
		04A95A4F2CBE5E4400D80D46 /* PBXTargetDependency */ = {
			isa = PBXTargetDependency;
			target = 04A95A452CBE5E4300D80D46 /* Save to Brace */;
			targetProxy = 04A95A4E2CBE5E4400D80D46 /* PBXContainerItemProxy */;
		};
/* End PBXTargetDependency section */

/* Begin PBXVariantGroup section */
		04A95A582CBE5E5900D80D46 /* MainInterface.storyboard */ = {
			isa = PBXVariantGroup;
			children = (
				04A95A572CBE5E5900D80D46 /* Base */,
			);
			name = MainInterface.storyboard;
			sourceTree = "<group>";
		};
/* End PBXVariantGroup section */

/* Begin XCBuildConfiguration section */
		00E356F61AD99517003FC87E /* Debug */ = {
			isa = XCBuildConfiguration;
			baseConfigurationReference = 5B7EB9410499542E8C5724F5 /* Pods-Bracedotto-BracedottoTests.debug.xcconfig */;
			buildSettings = {
				BUNDLE_LOADER = "$(TEST_HOST)";
				GCC_PREPROCESSOR_DEFINITIONS = (
					"DEBUG=1",
					"$(inherited)",
				);
				INFOPLIST_FILE = BracedottoTests/Info.plist;
				IPHONEOS_DEPLOYMENT_TARGET = 13.4;
				LD_RUNPATH_SEARCH_PATHS = (
					"$(inherited)",
					"@executable_path/Frameworks",
					"@loader_path/Frameworks",
				);
				OTHER_LDFLAGS = (
					"-ObjC",
					"-lc++",
					"$(inherited)",
				);
				PRODUCT_BUNDLE_IDENTIFIER = "org.reactjs.native.example.$(PRODUCT_NAME:rfc1034identifier)";
				PRODUCT_NAME = "$(TARGET_NAME)";
				TEST_HOST = "$(BUILT_PRODUCTS_DIR)/Bracedotto.app/Bracedotto";
			};
			name = Debug;
		};
		00E356F71AD99517003FC87E /* Release */ = {
			isa = XCBuildConfiguration;
			baseConfigurationReference = 89C6BE57DB24E9ADA2F236DE /* Pods-Bracedotto-BracedottoTests.release.xcconfig */;
			buildSettings = {
				BUNDLE_LOADER = "$(TEST_HOST)";
				COPY_PHASE_STRIP = NO;
				INFOPLIST_FILE = BracedottoTests/Info.plist;
				IPHONEOS_DEPLOYMENT_TARGET = 13.4;
				LD_RUNPATH_SEARCH_PATHS = (
					"$(inherited)",
					"@executable_path/Frameworks",
					"@loader_path/Frameworks",
				);
				OTHER_LDFLAGS = (
					"-ObjC",
					"-lc++",
					"$(inherited)",
				);
				PRODUCT_BUNDLE_IDENTIFIER = "org.reactjs.native.example.$(PRODUCT_NAME:rfc1034identifier)";
				PRODUCT_NAME = "$(TARGET_NAME)";
				TEST_HOST = "$(BUILT_PRODUCTS_DIR)/Bracedotto.app/Bracedotto";
			};
			name = Release;
		};
		04A95A532CBE5E4400D80D46 /* Debug */ = {
			isa = XCBuildConfiguration;
			baseConfigurationReference = 8480FA6F1482F9AFBDFCE0A6 /* Pods-Save to Brace.debug.xcconfig */;
			buildSettings = {
				ASSETCATALOG_COMPILER_GENERATE_SWIFT_ASSET_SYMBOL_EXTENSIONS = YES;
				CLANG_ANALYZER_NONNULL = YES;
				CLANG_ANALYZER_NUMBER_OBJECT_CONVERSION = YES_AGGRESSIVE;
				CLANG_CXX_LANGUAGE_STANDARD = "gnu++20";
				CLANG_ENABLE_OBJC_WEAK = YES;
				CLANG_WARN_DOCUMENTATION_COMMENTS = YES;
				CLANG_WARN_UNGUARDED_AVAILABILITY = YES_AGGRESSIVE;
				CODE_SIGN_ENTITLEMENTS = "Save to Brace/Save to Brace.entitlements";
				CODE_SIGN_STYLE = Automatic;
				CURRENT_PROJECT_VERSION = 1;
				DEBUG_INFORMATION_FORMAT = dwarf;
				DEVELOPMENT_TEAM = DZ8XN7425J;
				ENABLE_USER_SCRIPT_SANDBOXING = YES;
				GCC_C_LANGUAGE_STANDARD = gnu17;
				GENERATE_INFOPLIST_FILE = YES;
				INFOPLIST_FILE = "Save to Brace/Info.plist";
				INFOPLIST_KEY_CFBundleDisplayName = "Save to Brace";
				INFOPLIST_KEY_NSHumanReadableCopyright = "";
				IPHONEOS_DEPLOYMENT_TARGET = 15.5;
				LD_RUNPATH_SEARCH_PATHS = (
					"$(inherited)",
					"@executable_path/Frameworks",
					"@executable_path/../../Frameworks",
				);
				LOCALIZATION_PREFERS_STRING_CATALOGS = YES;
				MARKETING_VERSION = 0.30.0;
				MTL_ENABLE_DEBUG_INFO = INCLUDE_SOURCE;
				MTL_FAST_MATH = YES;
				PRODUCT_BUNDLE_IDENTIFIER = "com.bracedotto.brace.Save-to-Brace";
				PRODUCT_NAME = "$(TARGET_NAME)";
				SKIP_INSTALL = YES;
				SWIFT_ACTIVE_COMPILATION_CONDITIONS = "DEBUG $(inherited)";
				SWIFT_EMIT_LOC_STRINGS = YES;
				SWIFT_OPTIMIZATION_LEVEL = "-Onone";
				SWIFT_VERSION = 5.0;
				TARGETED_DEVICE_FAMILY = "1,2";
			};
			name = Debug;
		};
		04A95A542CBE5E4400D80D46 /* Release */ = {
			isa = XCBuildConfiguration;
			baseConfigurationReference = B16EC90B1401C82F0B122BE9 /* Pods-Save to Brace.release.xcconfig */;
			buildSettings = {
				ASSETCATALOG_COMPILER_GENERATE_SWIFT_ASSET_SYMBOL_EXTENSIONS = YES;
				CLANG_ANALYZER_NONNULL = YES;
				CLANG_ANALYZER_NUMBER_OBJECT_CONVERSION = YES_AGGRESSIVE;
				CLANG_CXX_LANGUAGE_STANDARD = "gnu++20";
				CLANG_ENABLE_OBJC_WEAK = YES;
				CLANG_WARN_DOCUMENTATION_COMMENTS = YES;
				CLANG_WARN_UNGUARDED_AVAILABILITY = YES_AGGRESSIVE;
				CODE_SIGN_ENTITLEMENTS = "Save to Brace/Save to Brace.entitlements";
				CODE_SIGN_STYLE = Automatic;
				COPY_PHASE_STRIP = NO;
				CURRENT_PROJECT_VERSION = 1;
				DEBUG_INFORMATION_FORMAT = "dwarf-with-dsym";
				DEVELOPMENT_TEAM = DZ8XN7425J;
				ENABLE_USER_SCRIPT_SANDBOXING = YES;
				GCC_C_LANGUAGE_STANDARD = gnu17;
				GENERATE_INFOPLIST_FILE = YES;
				INFOPLIST_FILE = "Save to Brace/Info.plist";
				INFOPLIST_KEY_CFBundleDisplayName = "Save to Brace";
				INFOPLIST_KEY_NSHumanReadableCopyright = "";
				IPHONEOS_DEPLOYMENT_TARGET = 15.5;
				LD_RUNPATH_SEARCH_PATHS = (
					"$(inherited)",
					"@executable_path/Frameworks",
					"@executable_path/../../Frameworks",
				);
				LOCALIZATION_PREFERS_STRING_CATALOGS = YES;
				MARKETING_VERSION = 0.30.0;
				MTL_FAST_MATH = YES;
				PRODUCT_BUNDLE_IDENTIFIER = "com.bracedotto.brace.Save-to-Brace";
				PRODUCT_NAME = "$(TARGET_NAME)";
				SKIP_INSTALL = YES;
				SWIFT_COMPILATION_MODE = wholemodule;
				SWIFT_EMIT_LOC_STRINGS = YES;
				SWIFT_VERSION = 5.0;
				TARGETED_DEVICE_FAMILY = "1,2";
			};
			name = Release;
		};
		13B07F941A680F5B00A75B9A /* Debug */ = {
			isa = XCBuildConfiguration;
			baseConfigurationReference = 3B4392A12AC88292D35C810B /* Pods-Bracedotto.debug.xcconfig */;
			buildSettings = {
				ASSETCATALOG_COMPILER_APPICON_NAME = AppIcon;
				CLANG_ENABLE_MODULES = YES;
				CODE_SIGN_ENTITLEMENTS = Bracedotto/Bracedotto.entitlements;
				CURRENT_PROJECT_VERSION = 1;
				DEVELOPMENT_TEAM = DZ8XN7425J;
				ENABLE_BITCODE = NO;
				INFOPLIST_FILE = Bracedotto/Info.plist;
				INFOPLIST_KEY_LSApplicationCategoryType = "public.app-category.productivity";
				IPHONEOS_DEPLOYMENT_TARGET = 15.5;
				LD_RUNPATH_SEARCH_PATHS = (
					"$(inherited)",
					"@executable_path/Frameworks",
				);
				MARKETING_VERSION = 0.30.0;
				OTHER_LDFLAGS = (
					"$(inherited)",
					"-ObjC",
					"-lc++",
				);
				PRODUCT_BUNDLE_IDENTIFIER = com.bracedotto.brace;
				PRODUCT_NAME = Brace;
				SUPPORTED_PLATFORMS = "iphoneos iphonesimulator";
				SUPPORTS_MACCATALYST = NO;
				SWIFT_OBJC_BRIDGING_HEADER = "Bracedotto-Bridging-Header.h";
				SWIFT_OPTIMIZATION_LEVEL = "-Onone";
				SWIFT_VERSION = 5.0;
				TARGETED_DEVICE_FAMILY = "1,2";
				VERSIONING_SYSTEM = "apple-generic";
			};
			name = Debug;
		};
		13B07F951A680F5B00A75B9A /* Release */ = {
			isa = XCBuildConfiguration;
			baseConfigurationReference = 5709B34CF0A7D63546082F79 /* Pods-Bracedotto.release.xcconfig */;
			buildSettings = {
				ASSETCATALOG_COMPILER_APPICON_NAME = AppIcon;
				CLANG_ENABLE_MODULES = YES;
				CODE_SIGN_ENTITLEMENTS = Bracedotto/Bracedotto.entitlements;
				CURRENT_PROJECT_VERSION = 1;
				DEVELOPMENT_TEAM = DZ8XN7425J;
				INFOPLIST_FILE = Bracedotto/Info.plist;
				INFOPLIST_KEY_LSApplicationCategoryType = "public.app-category.productivity";
				IPHONEOS_DEPLOYMENT_TARGET = 15.5;
				LD_RUNPATH_SEARCH_PATHS = (
					"$(inherited)",
					"@executable_path/Frameworks",
				);
				MARKETING_VERSION = 0.30.0;
				OTHER_LDFLAGS = (
					"$(inherited)",
					"-ObjC",
					"-lc++",
				);
				PRODUCT_BUNDLE_IDENTIFIER = com.bracedotto.brace;
				PRODUCT_NAME = Brace;
				SUPPORTED_PLATFORMS = "iphoneos iphonesimulator";
				SUPPORTS_MACCATALYST = NO;
				SWIFT_OBJC_BRIDGING_HEADER = "Bracedotto-Bridging-Header.h";
				SWIFT_VERSION = 5.0;
				TARGETED_DEVICE_FAMILY = "1,2";
				VERSIONING_SYSTEM = "apple-generic";
			};
			name = Release;
		};
		83CBBA201A601CBA00E9B192 /* Debug */ = {
			isa = XCBuildConfiguration;
			buildSettings = {
				ALWAYS_SEARCH_USER_PATHS = NO;
				CC = "";
				CLANG_ANALYZER_LOCALIZABILITY_NONLOCALIZED = YES;
				CLANG_CXX_LANGUAGE_STANDARD = "c++20";
				CLANG_CXX_LIBRARY = "libc++";
				CLANG_ENABLE_MODULES = YES;
				CLANG_ENABLE_OBJC_ARC = YES;
				CLANG_WARN_BLOCK_CAPTURE_AUTORELEASING = YES;
				CLANG_WARN_BOOL_CONVERSION = YES;
				CLANG_WARN_COMMA = YES;
				CLANG_WARN_CONSTANT_CONVERSION = YES;
				CLANG_WARN_DEPRECATED_OBJC_IMPLEMENTATIONS = YES;
				CLANG_WARN_DIRECT_OBJC_ISA_USAGE = YES_ERROR;
				CLANG_WARN_EMPTY_BODY = YES;
				CLANG_WARN_ENUM_CONVERSION = YES;
				CLANG_WARN_INFINITE_RECURSION = YES;
				CLANG_WARN_INT_CONVERSION = YES;
				CLANG_WARN_NON_LITERAL_NULL_CONVERSION = YES;
				CLANG_WARN_OBJC_IMPLICIT_RETAIN_SELF = YES;
				CLANG_WARN_OBJC_LITERAL_CONVERSION = YES;
				CLANG_WARN_OBJC_ROOT_CLASS = YES_ERROR;
				CLANG_WARN_QUOTED_INCLUDE_IN_FRAMEWORK_HEADER = YES;
				CLANG_WARN_RANGE_LOOP_ANALYSIS = YES;
				CLANG_WARN_STRICT_PROTOTYPES = YES;
				CLANG_WARN_SUSPICIOUS_MOVE = YES;
				CLANG_WARN_UNREACHABLE_CODE = YES;
				CLANG_WARN__DUPLICATE_METHOD_MATCH = YES;
				"CODE_SIGN_IDENTITY[sdk=iphoneos*]" = "iPhone Developer";
				COPY_PHASE_STRIP = NO;
				CXX = "";
				ENABLE_STRICT_OBJC_MSGSEND = YES;
				ENABLE_TESTABILITY = YES;
				"EXCLUDED_ARCHS[sdk=iphonesimulator*]" = "";
				GCC_C_LANGUAGE_STANDARD = gnu99;
				GCC_DYNAMIC_NO_PIC = NO;
				GCC_NO_COMMON_BLOCKS = YES;
				GCC_OPTIMIZATION_LEVEL = 0;
				GCC_PREPROCESSOR_DEFINITIONS = (
					"DEBUG=1",
					"$(inherited)",
				);
				GCC_SYMBOLS_PRIVATE_EXTERN = NO;
				GCC_WARN_64_TO_32_BIT_CONVERSION = YES;
				GCC_WARN_ABOUT_RETURN_TYPE = YES_ERROR;
				GCC_WARN_UNDECLARED_SELECTOR = YES;
				GCC_WARN_UNINITIALIZED_AUTOS = YES_AGGRESSIVE;
				GCC_WARN_UNUSED_FUNCTION = YES;
				GCC_WARN_UNUSED_VARIABLE = YES;
				IPHONEOS_DEPLOYMENT_TARGET = 13.4;
				LD = "";
				LDPLUSPLUS = "";
				LD_RUNPATH_SEARCH_PATHS = (
					/usr/lib/swift,
					"$(inherited)",
				);
				LIBRARY_SEARCH_PATHS = (
					"\"$(SDKROOT)/usr/lib/swift\"",
					"\"$(TOOLCHAIN_DIR)/usr/lib/swift/$(PLATFORM_NAME)\"",
					"\"$(inherited)\"",
				);
				MTL_ENABLE_DEBUG_INFO = YES;
				ONLY_ACTIVE_ARCH = YES;
				OTHER_CPLUSPLUSFLAGS = (
					"$(OTHER_CFLAGS)",
					"-DFOLLY_NO_CONFIG",
					"-DFOLLY_MOBILE=1",
					"-DFOLLY_USE_LIBCPP=1",
					"-DFOLLY_CFG_NO_COROUTINES=1",
					"-DFOLLY_HAVE_CLOCK_GETTIME=1",
				);
				OTHER_LDFLAGS = "$(inherited)  ";
				REACT_NATIVE_PATH = "${PODS_ROOT}/../../node_modules/react-native";
				SDKROOT = iphoneos;
				SWIFT_ACTIVE_COMPILATION_CONDITIONS = "$(inherited) DEBUG";
				USE_HERMES = true;
			};
			name = Debug;
		};
		83CBBA211A601CBA00E9B192 /* Release */ = {
			isa = XCBuildConfiguration;
			buildSettings = {
				ALWAYS_SEARCH_USER_PATHS = NO;
				CC = "";
				CLANG_ANALYZER_LOCALIZABILITY_NONLOCALIZED = YES;
				CLANG_CXX_LANGUAGE_STANDARD = "c++20";
				CLANG_CXX_LIBRARY = "libc++";
				CLANG_ENABLE_MODULES = YES;
				CLANG_ENABLE_OBJC_ARC = YES;
				CLANG_WARN_BLOCK_CAPTURE_AUTORELEASING = YES;
				CLANG_WARN_BOOL_CONVERSION = YES;
				CLANG_WARN_COMMA = YES;
				CLANG_WARN_CONSTANT_CONVERSION = YES;
				CLANG_WARN_DEPRECATED_OBJC_IMPLEMENTATIONS = YES;
				CLANG_WARN_DIRECT_OBJC_ISA_USAGE = YES_ERROR;
				CLANG_WARN_EMPTY_BODY = YES;
				CLANG_WARN_ENUM_CONVERSION = YES;
				CLANG_WARN_INFINITE_RECURSION = YES;
				CLANG_WARN_INT_CONVERSION = YES;
				CLANG_WARN_NON_LITERAL_NULL_CONVERSION = YES;
				CLANG_WARN_OBJC_IMPLICIT_RETAIN_SELF = YES;
				CLANG_WARN_OBJC_LITERAL_CONVERSION = YES;
				CLANG_WARN_OBJC_ROOT_CLASS = YES_ERROR;
				CLANG_WARN_QUOTED_INCLUDE_IN_FRAMEWORK_HEADER = YES;
				CLANG_WARN_RANGE_LOOP_ANALYSIS = YES;
				CLANG_WARN_STRICT_PROTOTYPES = YES;
				CLANG_WARN_SUSPICIOUS_MOVE = YES;
				CLANG_WARN_UNREACHABLE_CODE = YES;
				CLANG_WARN__DUPLICATE_METHOD_MATCH = YES;
				"CODE_SIGN_IDENTITY[sdk=iphoneos*]" = "iPhone Developer";
				COPY_PHASE_STRIP = YES;
				CXX = "";
				ENABLE_NS_ASSERTIONS = NO;
				ENABLE_STRICT_OBJC_MSGSEND = YES;
				"EXCLUDED_ARCHS[sdk=iphonesimulator*]" = "";
				GCC_C_LANGUAGE_STANDARD = gnu99;
				GCC_NO_COMMON_BLOCKS = YES;
				GCC_WARN_64_TO_32_BIT_CONVERSION = YES;
				GCC_WARN_ABOUT_RETURN_TYPE = YES_ERROR;
				GCC_WARN_UNDECLARED_SELECTOR = YES;
				GCC_WARN_UNINITIALIZED_AUTOS = YES_AGGRESSIVE;
				GCC_WARN_UNUSED_FUNCTION = YES;
				GCC_WARN_UNUSED_VARIABLE = YES;
				IPHONEOS_DEPLOYMENT_TARGET = 13.4;
				LD = "";
				LDPLUSPLUS = "";
				LD_RUNPATH_SEARCH_PATHS = (
					/usr/lib/swift,
					"$(inherited)",
				);
				LIBRARY_SEARCH_PATHS = (
					"\"$(SDKROOT)/usr/lib/swift\"",
					"\"$(TOOLCHAIN_DIR)/usr/lib/swift/$(PLATFORM_NAME)\"",
					"\"$(inherited)\"",
				);
				MTL_ENABLE_DEBUG_INFO = NO;
				OTHER_CPLUSPLUSFLAGS = (
					"$(OTHER_CFLAGS)",
					"-DFOLLY_NO_CONFIG",
					"-DFOLLY_MOBILE=1",
					"-DFOLLY_USE_LIBCPP=1",
					"-DFOLLY_CFG_NO_COROUTINES=1",
					"-DFOLLY_HAVE_CLOCK_GETTIME=1",
				);
				OTHER_LDFLAGS = "$(inherited)  ";
				REACT_NATIVE_PATH = "${PODS_ROOT}/../../node_modules/react-native";
				SDKROOT = iphoneos;
				USE_HERMES = true;
				VALIDATE_PRODUCT = YES;
			};
			name = Release;
		};
/* End XCBuildConfiguration section */

/* Begin XCConfigurationList section */
		00E357021AD99517003FC87E /* Build configuration list for PBXNativeTarget "BracedottoTests" */ = {
			isa = XCConfigurationList;
			buildConfigurations = (
				00E356F61AD99517003FC87E /* Debug */,
				00E356F71AD99517003FC87E /* Release */,
			);
			defaultConfigurationIsVisible = 0;
			defaultConfigurationName = Release;
		};
		04A95A522CBE5E4400D80D46 /* Build configuration list for PBXNativeTarget "Save to Brace" */ = {
			isa = XCConfigurationList;
			buildConfigurations = (
				04A95A532CBE5E4400D80D46 /* Debug */,
				04A95A542CBE5E4400D80D46 /* Release */,
			);
			defaultConfigurationIsVisible = 0;
			defaultConfigurationName = Release;
		};
		13B07F931A680F5B00A75B9A /* Build configuration list for PBXNativeTarget "Bracedotto" */ = {
			isa = XCConfigurationList;
			buildConfigurations = (
				13B07F941A680F5B00A75B9A /* Debug */,
				13B07F951A680F5B00A75B9A /* Release */,
			);
			defaultConfigurationIsVisible = 0;
			defaultConfigurationName = Release;
		};
		83CBB9FA1A601CBA00E9B192 /* Build configuration list for PBXProject "Bracedotto" */ = {
			isa = XCConfigurationList;
			buildConfigurations = (
				83CBBA201A601CBA00E9B192 /* Debug */,
				83CBBA211A601CBA00E9B192 /* Release */,
			);
			defaultConfigurationIsVisible = 0;
			defaultConfigurationName = Release;
		};
/* End XCConfigurationList section */
	};
	rootObject = 83CBB9F71A601CBA00E9B192 /* Project object */;
}
